// !$*UTF8*$!
{
	archiveVersion = 1;
	classes = {
	};
	objectVersion = 46;
	objects = {

/* Begin PBXBuildFile section */
		C102510518B9EE1B0036D44F /* WYGoalCommitViewController.m in Sources */ = {isa = PBXBuildFile; fileRef = C102510318B9EE1B0036D44F /* WYGoalCommitViewController.m */; };
		C102510618B9EE1B0036D44F /* WYGoalCommitViewController.xib in Resources */ = {isa = PBXBuildFile; fileRef = C102510418B9EE1B0036D44F /* WYGoalCommitViewController.xib */; };
		C154673A18E5DE7100AE0212 /* WYToggleButton.m in Sources */ = {isa = PBXBuildFile; fileRef = C154673918E5DE7100AE0212 /* WYToggleButton.m */; };
		C154673D18E65EF100AE0212 /* commit_button@2x.png in Resources */ = {isa = PBXBuildFile; fileRef = C154673C18E65EF100AE0212 /* commit_button@2x.png */; };
		C154E51918E2F97C006F1F2D /* bg_calendar@2x.png in Resources */ = {isa = PBXBuildFile; fileRef = C154E4D918E2F97C006F1F2D /* bg_calendar@2x.png */; };
		C154E51A18E2F97C006F1F2D /* bg_calendar_footer@2x.png in Resources */ = {isa = PBXBuildFile; fileRef = C154E4DA18E2F97C006F1F2D /* bg_calendar_footer@2x.png */; };
		C154E51B18E2F97C006F1F2D /* bg_calendar_header@2x.png in Resources */ = {isa = PBXBuildFile; fileRef = C154E4DB18E2F97C006F1F2D /* bg_calendar_header@2x.png */; };
		C154E51C18E2F97C006F1F2D /* bg_calendar_week_header@2x.png in Resources */ = {isa = PBXBuildFile; fileRef = C154E4DC18E2F97C006F1F2D /* bg_calendar_week_header@2x.png */; };
		C154E51D18E2F97C006F1F2D /* bg_grid@2x.png in Resources */ = {isa = PBXBuildFile; fileRef = C154E4DD18E2F97C006F1F2D /* bg_grid@2x.png */; };
		C154E51E18E2F97C006F1F2D /* btn_choose_date_left_arrow@2x.png in Resources */ = {isa = PBXBuildFile; fileRef = C154E4DE18E2F97C006F1F2D /* btn_choose_date_left_arrow@2x.png */; };
		C154E51F18E2F97C006F1F2D /* btn_choose_date_left_arrow_highlight@2x.png in Resources */ = {isa = PBXBuildFile; fileRef = C154E4DF18E2F97C006F1F2D /* btn_choose_date_left_arrow_highlight@2x.png */; };
		C154E52018E2F97C006F1F2D /* btn_choose_date_right_arrow@2x.png in Resources */ = {isa = PBXBuildFile; fileRef = C154E4E018E2F97C006F1F2D /* btn_choose_date_right_arrow@2x.png */; };
		C154E52118E2F97C006F1F2D /* btn_choose_date_right_arrow_highlight@2x.png in Resources */ = {isa = PBXBuildFile; fileRef = C154E4E118E2F97C006F1F2D /* btn_choose_date_right_arrow_highlight@2x.png */; };
		C154E52218E2F97C006F1F2D /* btn_choose_departure_date@2x.png in Resources */ = {isa = PBXBuildFile; fileRef = C154E4E218E2F97C006F1F2D /* btn_choose_departure_date@2x.png */; };
		C154E52318E2F97C006F1F2D /* btn_chose_date@2x.png in Resources */ = {isa = PBXBuildFile; fileRef = C154E4E318E2F97C006F1F2D /* btn_chose_date@2x.png */; };
		C154E52418E2F97C006F1F2D /* btn_chose_date_highlight@2x.png in Resources */ = {isa = PBXBuildFile; fileRef = C154E4E418E2F97C006F1F2D /* btn_chose_date_highlight@2x.png */; };
		C154E52518E2F97C006F1F2D /* btn_close_date@2x.png in Resources */ = {isa = PBXBuildFile; fileRef = C154E4E518E2F97C006F1F2D /* btn_close_date@2x.png */; };
		C154E52618E2F97C006F1F2D /* btn_close_date_hihglight@2x.png in Resources */ = {isa = PBXBuildFile; fileRef = C154E4E618E2F97C006F1F2D /* btn_close_date_hihglight@2x.png */; };
		C154E52718E2F97C006F1F2D /* btn_grid@2x.png in Resources */ = {isa = PBXBuildFile; fileRef = C154E4E718E2F97C006F1F2D /* btn_grid@2x.png */; };
		C154E52818E2F97C006F1F2D /* btn_grid_cell@2x.png in Resources */ = {isa = PBXBuildFile; fileRef = C154E4E818E2F97C006F1F2D /* btn_grid_cell@2x.png */; };
		C154E52918E2F97C006F1F2D /* btn_grid_cell_highlight@2x.png in Resources */ = {isa = PBXBuildFile; fileRef = C154E4E918E2F97C006F1F2D /* btn_grid_cell_highlight@2x.png */; };
		C154E52A18E2F97C006F1F2D /* btn_grid_cell_selected@2x.png in Resources */ = {isa = PBXBuildFile; fileRef = C154E4EA18E2F97C006F1F2D /* btn_grid_cell_selected@2x.png */; };
		C154E52B18E2F97C006F1F2D /* btn_grid_highlight@2x.png in Resources */ = {isa = PBXBuildFile; fileRef = C154E4EB18E2F97C006F1F2D /* btn_grid_highlight@2x.png */; };
		C154E52C18E2F97C006F1F2D /* btn_grid_selected@2x.png in Resources */ = {isa = PBXBuildFile; fileRef = C154E4EC18E2F97C006F1F2D /* btn_grid_selected@2x.png */; };
		C154E52D18E2F97C006F1F2D /* btn_next_month@2x.png in Resources */ = {isa = PBXBuildFile; fileRef = C154E4ED18E2F97C006F1F2D /* btn_next_month@2x.png */; };
		C154E52E18E2F97C006F1F2D /* btn_next_month_highlight@2x.png in Resources */ = {isa = PBXBuildFile; fileRef = C154E4EE18E2F97C006F1F2D /* btn_next_month_highlight@2x.png */; };
		C154E52F18E2F97C006F1F2D /* btn_previous_month@2x.png in Resources */ = {isa = PBXBuildFile; fileRef = C154E4EF18E2F97C006F1F2D /* btn_previous_month@2x.png */; };
		C154E53018E2F97C006F1F2D /* btn_previous_month_highlight@2x.png in Resources */ = {isa = PBXBuildFile; fileRef = C154E4F018E2F97C006F1F2D /* btn_previous_month_highlight@2x.png */; };
		C154E53118E2F97C006F1F2D /* btn_radio_check_box@2x.png in Resources */ = {isa = PBXBuildFile; fileRef = C154E4F118E2F97C006F1F2D /* btn_radio_check_box@2x.png */; };
		C154E53218E2F97C006F1F2D /* btn_radio_check_box_selected@2x.png in Resources */ = {isa = PBXBuildFile; fileRef = C154E4F218E2F97C006F1F2D /* btn_radio_check_box_selected@2x.png */; };
		C154E53318E2F97C006F1F2D /* ITTCalendarGridView.m in Sources */ = {isa = PBXBuildFile; fileRef = C154E4F718E2F97C006F1F2D /* ITTCalendarGridView.m */; settings = {COMPILER_FLAGS = "-fno-objc-arc"; }; };
		C154E53418E2F97C006F1F2D /* ITTCalendarScrollView.m in Sources */ = {isa = PBXBuildFile; fileRef = C154E4F918E2F97C006F1F2D /* ITTCalendarScrollView.m */; settings = {COMPILER_FLAGS = "-fno-objc-arc"; }; };
		C154E53518E2F97C006F1F2D /* ITTCalendarView.m in Sources */ = {isa = PBXBuildFile; fileRef = C154E4FB18E2F97C006F1F2D /* ITTCalendarView.m */; settings = {COMPILER_FLAGS = "-fno-objc-arc"; }; };
		C154E53618E2F97C006F1F2D /* ITTCalendarView.xib in Resources */ = {isa = PBXBuildFile; fileRef = C154E4FC18E2F97C006F1F2D /* ITTCalendarView.xib */; };
		C154E53718E2F97C006F1F2D /* ITTCalendarViewFooterView.m in Sources */ = {isa = PBXBuildFile; fileRef = C154E50018E2F97C006F1F2D /* ITTCalendarViewFooterView.m */; settings = {COMPILER_FLAGS = "-fno-objc-arc"; }; };
		C154E53818E2F97C006F1F2D /* ITTCalendarViewHeaderView.m in Sources */ = {isa = PBXBuildFile; fileRef = C154E50218E2F97C006F1F2D /* ITTCalendarViewHeaderView.m */; settings = {COMPILER_FLAGS = "-fno-objc-arc"; }; };
		C154E53918E2F97C006F1F2D /* ITTBaseCalendarDisableGridView.m in Sources */ = {isa = PBXBuildFile; fileRef = C154E50518E2F97C006F1F2D /* ITTBaseCalendarDisableGridView.m */; settings = {COMPILER_FLAGS = "-fno-objc-arc"; }; };
		C154E53A18E2F97C006F1F2D /* ITTBaseCalendarDisableGridView.xib in Resources */ = {isa = PBXBuildFile; fileRef = C154E50618E2F97C006F1F2D /* ITTBaseCalendarDisableGridView.xib */; };
		C154E53B18E2F97C006F1F2D /* ITTBaseCalendarGridView.m in Sources */ = {isa = PBXBuildFile; fileRef = C154E50818E2F97C006F1F2D /* ITTBaseCalendarGridView.m */; settings = {COMPILER_FLAGS = "-fno-objc-arc"; }; };
		C154E53C18E2F97C006F1F2D /* ITTBaseCalendarGridView.xib in Resources */ = {isa = PBXBuildFile; fileRef = C154E50918E2F97C006F1F2D /* ITTBaseCalendarGridView.xib */; };
		C154E53D18E2F97C006F1F2D /* ITTBaseCalendarViewFooterView.m in Sources */ = {isa = PBXBuildFile; fileRef = C154E50B18E2F97C006F1F2D /* ITTBaseCalendarViewFooterView.m */; settings = {COMPILER_FLAGS = "-fno-objc-arc"; }; };
		C154E53E18E2F97C006F1F2D /* ITTBaseCalendarViewFooterView.xib in Resources */ = {isa = PBXBuildFile; fileRef = C154E50C18E2F97C006F1F2D /* ITTBaseCalendarViewFooterView.xib */; };
		C154E53F18E2F97C006F1F2D /* ITTBaseCalendarViewHeaderView.m in Sources */ = {isa = PBXBuildFile; fileRef = C154E50E18E2F97C006F1F2D /* ITTBaseCalendarViewHeaderView.m */; settings = {COMPILER_FLAGS = "-fno-objc-arc"; }; };
		C154E54018E2F97C006F1F2D /* ITTBaseCalendarViewHeaderView.xib in Resources */ = {isa = PBXBuildFile; fileRef = C154E50F18E2F97C006F1F2D /* ITTBaseCalendarViewHeaderView.xib */; };
		C154E54118E2F97C006F1F2D /* ITTBaseDataSourceImp.m in Sources */ = {isa = PBXBuildFile; fileRef = C154E51118E2F97C006F1F2D /* ITTBaseDataSourceImp.m */; settings = {COMPILER_FLAGS = "-fno-objc-arc"; }; };
		C154E54218E2F97C006F1F2D /* CalendarDateUtil.m in Sources */ = {isa = PBXBuildFile; fileRef = C154E51418E2F97C006F1F2D /* CalendarDateUtil.m */; settings = {COMPILER_FLAGS = "-fno-objc-arc"; }; };
		C154E54318E2F97C006F1F2D /* ITTCalDay.m in Sources */ = {isa = PBXBuildFile; fileRef = C154E51618E2F97C006F1F2D /* ITTCalDay.m */; settings = {COMPILER_FLAGS = "-fno-objc-arc"; }; };
		C154E54418E2F97C006F1F2D /* ITTCalMonth.m in Sources */ = {isa = PBXBuildFile; fileRef = C154E51818E2F97C006F1F2D /* ITTCalMonth.m */; settings = {COMPILER_FLAGS = "-fno-objc-arc"; }; };
		C161DDAE18BB81AD0014A7F3 /* WYGoal.m in Sources */ = {isa = PBXBuildFile; fileRef = C161DDAD18BB81AD0014A7F3 /* WYGoal.m */; };
		C161DDB118BB854C0014A7F3 /* WYKeyValueTableHandler.m in Sources */ = {isa = PBXBuildFile; fileRef = C161DDB018BB854C0014A7F3 /* WYKeyValueTableHandler.m */; };
		C161DDB718BB87B70014A7F3 /* FMDatabase+Addition.m in Sources */ = {isa = PBXBuildFile; fileRef = C161DDB418BB87B70014A7F3 /* FMDatabase+Addition.m */; };
		C161DDB818BB87B70014A7F3 /* FMResultSet+Addition.m in Sources */ = {isa = PBXBuildFile; fileRef = C161DDB618BB87B70014A7F3 /* FMResultSet+Addition.m */; };
		C161DDBB18BB8C890014A7F3 /* WYConfigManager.m in Sources */ = {isa = PBXBuildFile; fileRef = C161DDBA18BB8C890014A7F3 /* WYConfigManager.m */; };
		C16FE62218E447ED00DE50BC /* WYDate.m in Sources */ = {isa = PBXBuildFile; fileRef = C16FE62118E447ED00DE50BC /* WYDate.m */; };
		C1845F2C18E3D17700BC2157 /* WYCommitLogTableHandler.m in Sources */ = {isa = PBXBuildFile; fileRef = C1845F2B18E3D17700BC2157 /* WYCommitLogTableHandler.m */; };
		C1845F2F18E3D4EA00BC2157 /* WYCommitLog.m in Sources */ = {isa = PBXBuildFile; fileRef = C1845F2E18E3D4EA00BC2157 /* WYCommitLog.m */; };
		C1845F3218E3E89F00BC2157 /* WYGoalInMainViewModel.m in Sources */ = {isa = PBXBuildFile; fileRef = C1845F3118E3E89F00BC2157 /* WYGoalInMainViewModel.m */; };
		C1845F3A18E4192000BC2157 /* WYUIElementManager.m in Sources */ = {isa = PBXBuildFile; fileRef = C1845F3918E4192000BC2157 /* WYUIElementManager.m */; };
		C1850B8618E54ED8001D5A47 /* WYAllGoalDetailsViewController.m in Sources */ = {isa = PBXBuildFile; fileRef = C1850B8418E54ED8001D5A47 /* WYAllGoalDetailsViewController.m */; };
		C1850B8718E54ED8001D5A47 /* WYAllGoalDetailsViewController.xib in Resources */ = {isa = PBXBuildFile; fileRef = C1850B8518E54ED8001D5A47 /* WYAllGoalDetailsViewController.xib */; };
		C1850B8A18E559D4001D5A47 /* WYGoalInDetailViewModel.m in Sources */ = {isa = PBXBuildFile; fileRef = C1850B8918E559D4001D5A47 /* WYGoalInDetailViewModel.m */; };
		C1BF7A2818B9C02300F7484C /* WYDatabase.m in Sources */ = {isa = PBXBuildFile; fileRef = C1BF7A2718B9C02300F7484C /* WYDatabase.m */; };
		C1C5387718E2A58500D9C5BB /* WYMyGoalView.m in Sources */ = {isa = PBXBuildFile; fileRef = C1C5387618E2A58500D9C5BB /* WYMyGoalView.m */; };
		C1C538C918E2A63200D9C5BB /* libCorePlot-CocoaTouch.a in Frameworks */ = {isa = PBXBuildFile; fileRef = C1C538C818E2A63200D9C5BB /* libCorePlot-CocoaTouch.a */; };
		C1C538CE18E2AB3700D9C5BB /* WYMainContainerViewController.m in Sources */ = {isa = PBXBuildFile; fileRef = C1C538CC18E2AB3700D9C5BB /* WYMainContainerViewController.m */; };
		C1D0915C1894B48300FDBB72 /* Foundation.framework in Frameworks */ = {isa = PBXBuildFile; fileRef = C1D0915B1894B48300FDBB72 /* Foundation.framework */; };
		C1D0915E1894B48300FDBB72 /* CoreGraphics.framework in Frameworks */ = {isa = PBXBuildFile; fileRef = C1D0915D1894B48300FDBB72 /* CoreGraphics.framework */; };
		C1D091601894B48300FDBB72 /* UIKit.framework in Frameworks */ = {isa = PBXBuildFile; fileRef = C1D0915F1894B48300FDBB72 /* UIKit.framework */; };
		C1D091661894B48300FDBB72 /* InfoPlist.strings in Resources */ = {isa = PBXBuildFile; fileRef = C1D091641894B48300FDBB72 /* InfoPlist.strings */; };
		C1D091681894B48300FDBB72 /* main.m in Sources */ = {isa = PBXBuildFile; fileRef = C1D091671894B48300FDBB72 /* main.m */; };
		C1D0916C1894B48300FDBB72 /* WYAppDelegate.m in Sources */ = {isa = PBXBuildFile; fileRef = C1D0916B1894B48300FDBB72 /* WYAppDelegate.m */; };
		C1D0916E1894B48300FDBB72 /* Images.xcassets in Resources */ = {isa = PBXBuildFile; fileRef = C1D0916D1894B48300FDBB72 /* Images.xcassets */; };
		C1D091751894B48300FDBB72 /* XCTest.framework in Frameworks */ = {isa = PBXBuildFile; fileRef = C1D091741894B48300FDBB72 /* XCTest.framework */; };
		C1D091761894B48300FDBB72 /* Foundation.framework in Frameworks */ = {isa = PBXBuildFile; fileRef = C1D0915B1894B48300FDBB72 /* Foundation.framework */; };
		C1D091771894B48300FDBB72 /* UIKit.framework in Frameworks */ = {isa = PBXBuildFile; fileRef = C1D0915F1894B48300FDBB72 /* UIKit.framework */; };
		C1D0917F1894B48300FDBB72 /* InfoPlist.strings in Resources */ = {isa = PBXBuildFile; fileRef = C1D0917D1894B48300FDBB72 /* InfoPlist.strings */; };
		C1D091811894B48300FDBB72 /* WYHabitTests.m in Sources */ = {isa = PBXBuildFile; fileRef = C1D091801894B48300FDBB72 /* WYHabitTests.m */; };
		C1D3AA9D18B9CB27007712E8 /* WYDataManager.m in Sources */ = {isa = PBXBuildFile; fileRef = C1D3AA9C18B9CB27007712E8 /* WYDataManager.m */; };
		C1D3AAA118B9D121007712E8 /* WYGoalTableHandler.m in Sources */ = {isa = PBXBuildFile; fileRef = C1D3AAA018B9D121007712E8 /* WYGoalTableHandler.m */; };
		C1D3AAA518B9DE02007712E8 /* WYTableHandler.m in Sources */ = {isa = PBXBuildFile; fileRef = C1D3AAA418B9DE02007712E8 /* WYTableHandler.m */; };
		F894A2CE631F4203BECC0EAD /* libPods.a in Frameworks */ = {isa = PBXBuildFile; fileRef = 3F643B27B7D8416EAB085933 /* libPods.a */; };
/* End PBXBuildFile section */

/* Begin PBXContainerItemProxy section */
		C1D091781894B48300FDBB72 /* PBXContainerItemProxy */ = {
			isa = PBXContainerItemProxy;
			containerPortal = C1D091501894B48300FDBB72 /* Project object */;
			proxyType = 1;
			remoteGlobalIDString = C1D091571894B48300FDBB72;
			remoteInfo = WYHabit;
		};
/* End PBXContainerItemProxy section */

/* Begin PBXFileReference section */
		3F643B27B7D8416EAB085933 /* libPods.a */ = {isa = PBXFileReference; explicitFileType = archive.ar; includeInIndex = 0; path = libPods.a; sourceTree = BUILT_PRODUCTS_DIR; };
		95F914AD4C6B4CA6BB9E6389 /* Pods.xcconfig */ = {isa = PBXFileReference; includeInIndex = 1; lastKnownFileType = text.xcconfig; name = Pods.xcconfig; path = Pods/Pods.xcconfig; sourceTree = "<group>"; };
		C102510218B9EE1B0036D44F /* WYGoalCommitViewController.h */ = {isa = PBXFileReference; fileEncoding = 4; lastKnownFileType = sourcecode.c.h; path = WYGoalCommitViewController.h; sourceTree = "<group>"; };
		C102510318B9EE1B0036D44F /* WYGoalCommitViewController.m */ = {isa = PBXFileReference; fileEncoding = 4; lastKnownFileType = sourcecode.c.objc; path = WYGoalCommitViewController.m; sourceTree = "<group>"; };
		C102510418B9EE1B0036D44F /* WYGoalCommitViewController.xib */ = {isa = PBXFileReference; fileEncoding = 4; lastKnownFileType = file.xib; path = WYGoalCommitViewController.xib; sourceTree = "<group>"; };
		C154673818E5DE7100AE0212 /* WYToggleButton.h */ = {isa = PBXFileReference; fileEncoding = 4; lastKnownFileType = sourcecode.c.h; path = WYToggleButton.h; sourceTree = "<group>"; };
		C154673918E5DE7100AE0212 /* WYToggleButton.m */ = {isa = PBXFileReference; fileEncoding = 4; lastKnownFileType = sourcecode.c.objc; path = WYToggleButton.m; sourceTree = "<group>"; };
		C154673C18E65EF100AE0212 /* commit_button@2x.png */ = {isa = PBXFileReference; lastKnownFileType = image.png; path = "commit_button@2x.png"; sourceTree = "<group>"; };
		C154E4D918E2F97C006F1F2D /* bg_calendar@2x.png */ = {isa = PBXFileReference; lastKnownFileType = image.png; path = "bg_calendar@2x.png"; sourceTree = "<group>"; };
		C154E4DA18E2F97C006F1F2D /* bg_calendar_footer@2x.png */ = {isa = PBXFileReference; lastKnownFileType = image.png; path = "bg_calendar_footer@2x.png"; sourceTree = "<group>"; };
		C154E4DB18E2F97C006F1F2D /* bg_calendar_header@2x.png */ = {isa = PBXFileReference; lastKnownFileType = image.png; path = "bg_calendar_header@2x.png"; sourceTree = "<group>"; };
		C154E4DC18E2F97C006F1F2D /* bg_calendar_week_header@2x.png */ = {isa = PBXFileReference; lastKnownFileType = image.png; path = "bg_calendar_week_header@2x.png"; sourceTree = "<group>"; };
		C154E4DD18E2F97C006F1F2D /* bg_grid@2x.png */ = {isa = PBXFileReference; lastKnownFileType = image.png; path = "bg_grid@2x.png"; sourceTree = "<group>"; };
		C154E4DE18E2F97C006F1F2D /* btn_choose_date_left_arrow@2x.png */ = {isa = PBXFileReference; lastKnownFileType = image.png; path = "btn_choose_date_left_arrow@2x.png"; sourceTree = "<group>"; };
		C154E4DF18E2F97C006F1F2D /* btn_choose_date_left_arrow_highlight@2x.png */ = {isa = PBXFileReference; lastKnownFileType = image.png; path = "btn_choose_date_left_arrow_highlight@2x.png"; sourceTree = "<group>"; };
		C154E4E018E2F97C006F1F2D /* btn_choose_date_right_arrow@2x.png */ = {isa = PBXFileReference; lastKnownFileType = image.png; path = "btn_choose_date_right_arrow@2x.png"; sourceTree = "<group>"; };
		C154E4E118E2F97C006F1F2D /* btn_choose_date_right_arrow_highlight@2x.png */ = {isa = PBXFileReference; lastKnownFileType = image.png; path = "btn_choose_date_right_arrow_highlight@2x.png"; sourceTree = "<group>"; };
		C154E4E218E2F97C006F1F2D /* btn_choose_departure_date@2x.png */ = {isa = PBXFileReference; lastKnownFileType = image.png; path = "btn_choose_departure_date@2x.png"; sourceTree = "<group>"; };
		C154E4E318E2F97C006F1F2D /* btn_chose_date@2x.png */ = {isa = PBXFileReference; lastKnownFileType = image.png; path = "btn_chose_date@2x.png"; sourceTree = "<group>"; };
		C154E4E418E2F97C006F1F2D /* btn_chose_date_highlight@2x.png */ = {isa = PBXFileReference; lastKnownFileType = image.png; path = "btn_chose_date_highlight@2x.png"; sourceTree = "<group>"; };
		C154E4E518E2F97C006F1F2D /* btn_close_date@2x.png */ = {isa = PBXFileReference; lastKnownFileType = image.png; path = "btn_close_date@2x.png"; sourceTree = "<group>"; };
		C154E4E618E2F97C006F1F2D /* btn_close_date_hihglight@2x.png */ = {isa = PBXFileReference; lastKnownFileType = image.png; path = "btn_close_date_hihglight@2x.png"; sourceTree = "<group>"; };
		C154E4E718E2F97C006F1F2D /* btn_grid@2x.png */ = {isa = PBXFileReference; lastKnownFileType = image.png; path = "btn_grid@2x.png"; sourceTree = "<group>"; };
		C154E4E818E2F97C006F1F2D /* btn_grid_cell@2x.png */ = {isa = PBXFileReference; lastKnownFileType = image.png; path = "btn_grid_cell@2x.png"; sourceTree = "<group>"; };
		C154E4E918E2F97C006F1F2D /* btn_grid_cell_highlight@2x.png */ = {isa = PBXFileReference; lastKnownFileType = image.png; path = "btn_grid_cell_highlight@2x.png"; sourceTree = "<group>"; };
		C154E4EA18E2F97C006F1F2D /* btn_grid_cell_selected@2x.png */ = {isa = PBXFileReference; lastKnownFileType = image.png; path = "btn_grid_cell_selected@2x.png"; sourceTree = "<group>"; };
		C154E4EB18E2F97C006F1F2D /* btn_grid_highlight@2x.png */ = {isa = PBXFileReference; lastKnownFileType = image.png; path = "btn_grid_highlight@2x.png"; sourceTree = "<group>"; };
		C154E4EC18E2F97C006F1F2D /* btn_grid_selected@2x.png */ = {isa = PBXFileReference; lastKnownFileType = image.png; path = "btn_grid_selected@2x.png"; sourceTree = "<group>"; };
		C154E4ED18E2F97C006F1F2D /* btn_next_month@2x.png */ = {isa = PBXFileReference; lastKnownFileType = image.png; path = "btn_next_month@2x.png"; sourceTree = "<group>"; };
		C154E4EE18E2F97C006F1F2D /* btn_next_month_highlight@2x.png */ = {isa = PBXFileReference; lastKnownFileType = image.png; path = "btn_next_month_highlight@2x.png"; sourceTree = "<group>"; };
		C154E4EF18E2F97C006F1F2D /* btn_previous_month@2x.png */ = {isa = PBXFileReference; lastKnownFileType = image.png; path = "btn_previous_month@2x.png"; sourceTree = "<group>"; };
		C154E4F018E2F97C006F1F2D /* btn_previous_month_highlight@2x.png */ = {isa = PBXFileReference; lastKnownFileType = image.png; path = "btn_previous_month_highlight@2x.png"; sourceTree = "<group>"; };
		C154E4F118E2F97C006F1F2D /* btn_radio_check_box@2x.png */ = {isa = PBXFileReference; lastKnownFileType = image.png; path = "btn_radio_check_box@2x.png"; sourceTree = "<group>"; };
		C154E4F218E2F97C006F1F2D /* btn_radio_check_box_selected@2x.png */ = {isa = PBXFileReference; lastKnownFileType = image.png; path = "btn_radio_check_box_selected@2x.png"; sourceTree = "<group>"; };
		C154E4F518E2F97C006F1F2D /* Enum.h */ = {isa = PBXFileReference; fileEncoding = 4; lastKnownFileType = sourcecode.c.h; path = Enum.h; sourceTree = "<group>"; };
		C154E4F618E2F97C006F1F2D /* ITTCalendarGridView.h */ = {isa = PBXFileReference; fileEncoding = 4; lastKnownFileType = sourcecode.c.h; path = ITTCalendarGridView.h; sourceTree = "<group>"; };
		C154E4F718E2F97C006F1F2D /* ITTCalendarGridView.m */ = {isa = PBXFileReference; fileEncoding = 4; lastKnownFileType = sourcecode.c.objc; path = ITTCalendarGridView.m; sourceTree = "<group>"; };
		C154E4F818E2F97C006F1F2D /* ITTCalendarScrollView.h */ = {isa = PBXFileReference; fileEncoding = 4; lastKnownFileType = sourcecode.c.h; path = ITTCalendarScrollView.h; sourceTree = "<group>"; };
		C154E4F918E2F97C006F1F2D /* ITTCalendarScrollView.m */ = {isa = PBXFileReference; fileEncoding = 4; lastKnownFileType = sourcecode.c.objc; path = ITTCalendarScrollView.m; sourceTree = "<group>"; };
		C154E4FA18E2F97C006F1F2D /* ITTCalendarView.h */ = {isa = PBXFileReference; fileEncoding = 4; lastKnownFileType = sourcecode.c.h; path = ITTCalendarView.h; sourceTree = "<group>"; };
		C154E4FB18E2F97C006F1F2D /* ITTCalendarView.m */ = {isa = PBXFileReference; fileEncoding = 4; lastKnownFileType = sourcecode.c.objc; path = ITTCalendarView.m; sourceTree = "<group>"; };
		C154E4FC18E2F97C006F1F2D /* ITTCalendarView.xib */ = {isa = PBXFileReference; fileEncoding = 4; lastKnownFileType = file.xib; path = ITTCalendarView.xib; sourceTree = "<group>"; };
		C154E4FD18E2F97C006F1F2D /* ITTCalendarViewDataSource.h */ = {isa = PBXFileReference; fileEncoding = 4; lastKnownFileType = sourcecode.c.h; path = ITTCalendarViewDataSource.h; sourceTree = "<group>"; };
		C154E4FE18E2F97C006F1F2D /* ITTCalendarViewDelegate.h */ = {isa = PBXFileReference; fileEncoding = 4; lastKnownFileType = sourcecode.c.h; path = ITTCalendarViewDelegate.h; sourceTree = "<group>"; };
		C154E4FF18E2F97C006F1F2D /* ITTCalendarViewFooterView.h */ = {isa = PBXFileReference; fileEncoding = 4; lastKnownFileType = sourcecode.c.h; path = ITTCalendarViewFooterView.h; sourceTree = "<group>"; };
		C154E50018E2F97C006F1F2D /* ITTCalendarViewFooterView.m */ = {isa = PBXFileReference; fileEncoding = 4; lastKnownFileType = sourcecode.c.objc; path = ITTCalendarViewFooterView.m; sourceTree = "<group>"; };
		C154E50118E2F97C006F1F2D /* ITTCalendarViewHeaderView.h */ = {isa = PBXFileReference; fileEncoding = 4; lastKnownFileType = sourcecode.c.h; path = ITTCalendarViewHeaderView.h; sourceTree = "<group>"; };
		C154E50218E2F97C006F1F2D /* ITTCalendarViewHeaderView.m */ = {isa = PBXFileReference; fileEncoding = 4; lastKnownFileType = sourcecode.c.objc; path = ITTCalendarViewHeaderView.m; sourceTree = "<group>"; };
		C154E50418E2F97C006F1F2D /* ITTBaseCalendarDisableGridView.h */ = {isa = PBXFileReference; fileEncoding = 4; lastKnownFileType = sourcecode.c.h; path = ITTBaseCalendarDisableGridView.h; sourceTree = "<group>"; };
		C154E50518E2F97C006F1F2D /* ITTBaseCalendarDisableGridView.m */ = {isa = PBXFileReference; fileEncoding = 4; lastKnownFileType = sourcecode.c.objc; path = ITTBaseCalendarDisableGridView.m; sourceTree = "<group>"; };
		C154E50618E2F97C006F1F2D /* ITTBaseCalendarDisableGridView.xib */ = {isa = PBXFileReference; fileEncoding = 4; lastKnownFileType = file.xib; path = ITTBaseCalendarDisableGridView.xib; sourceTree = "<group>"; };
		C154E50718E2F97C006F1F2D /* ITTBaseCalendarGridView.h */ = {isa = PBXFileReference; fileEncoding = 4; lastKnownFileType = sourcecode.c.h; path = ITTBaseCalendarGridView.h; sourceTree = "<group>"; };
		C154E50818E2F97C006F1F2D /* ITTBaseCalendarGridView.m */ = {isa = PBXFileReference; fileEncoding = 4; lastKnownFileType = sourcecode.c.objc; path = ITTBaseCalendarGridView.m; sourceTree = "<group>"; };
		C154E50918E2F97C006F1F2D /* ITTBaseCalendarGridView.xib */ = {isa = PBXFileReference; fileEncoding = 4; lastKnownFileType = file.xib; path = ITTBaseCalendarGridView.xib; sourceTree = "<group>"; };
		C154E50A18E2F97C006F1F2D /* ITTBaseCalendarViewFooterView.h */ = {isa = PBXFileReference; fileEncoding = 4; lastKnownFileType = sourcecode.c.h; path = ITTBaseCalendarViewFooterView.h; sourceTree = "<group>"; };
		C154E50B18E2F97C006F1F2D /* ITTBaseCalendarViewFooterView.m */ = {isa = PBXFileReference; fileEncoding = 4; lastKnownFileType = sourcecode.c.objc; path = ITTBaseCalendarViewFooterView.m; sourceTree = "<group>"; };
		C154E50C18E2F97C006F1F2D /* ITTBaseCalendarViewFooterView.xib */ = {isa = PBXFileReference; fileEncoding = 4; lastKnownFileType = file.xib; path = ITTBaseCalendarViewFooterView.xib; sourceTree = "<group>"; };
		C154E50D18E2F97C006F1F2D /* ITTBaseCalendarViewHeaderView.h */ = {isa = PBXFileReference; fileEncoding = 4; lastKnownFileType = sourcecode.c.h; path = ITTBaseCalendarViewHeaderView.h; sourceTree = "<group>"; };
		C154E50E18E2F97C006F1F2D /* ITTBaseCalendarViewHeaderView.m */ = {isa = PBXFileReference; fileEncoding = 4; lastKnownFileType = sourcecode.c.objc; path = ITTBaseCalendarViewHeaderView.m; sourceTree = "<group>"; };
		C154E50F18E2F97C006F1F2D /* ITTBaseCalendarViewHeaderView.xib */ = {isa = PBXFileReference; fileEncoding = 4; lastKnownFileType = file.xib; path = ITTBaseCalendarViewHeaderView.xib; sourceTree = "<group>"; };
		C154E51018E2F97C006F1F2D /* ITTBaseDataSourceImp.h */ = {isa = PBXFileReference; fileEncoding = 4; lastKnownFileType = sourcecode.c.h; path = ITTBaseDataSourceImp.h; sourceTree = "<group>"; };
		C154E51118E2F97C006F1F2D /* ITTBaseDataSourceImp.m */ = {isa = PBXFileReference; fileEncoding = 4; lastKnownFileType = sourcecode.c.objc; path = ITTBaseDataSourceImp.m; sourceTree = "<group>"; };
		C154E51318E2F97C006F1F2D /* CalendarDateUtil.h */ = {isa = PBXFileReference; fileEncoding = 4; lastKnownFileType = sourcecode.c.h; path = CalendarDateUtil.h; sourceTree = "<group>"; };
		C154E51418E2F97C006F1F2D /* CalendarDateUtil.m */ = {isa = PBXFileReference; fileEncoding = 4; lastKnownFileType = sourcecode.c.objc; path = CalendarDateUtil.m; sourceTree = "<group>"; };
		C154E51518E2F97C006F1F2D /* ITTCalDay.h */ = {isa = PBXFileReference; fileEncoding = 4; lastKnownFileType = sourcecode.c.h; path = ITTCalDay.h; sourceTree = "<group>"; };
		C154E51618E2F97C006F1F2D /* ITTCalDay.m */ = {isa = PBXFileReference; fileEncoding = 4; lastKnownFileType = sourcecode.c.objc; path = ITTCalDay.m; sourceTree = "<group>"; };
		C154E51718E2F97C006F1F2D /* ITTCalMonth.h */ = {isa = PBXFileReference; fileEncoding = 4; lastKnownFileType = sourcecode.c.h; path = ITTCalMonth.h; sourceTree = "<group>"; };
		C154E51818E2F97C006F1F2D /* ITTCalMonth.m */ = {isa = PBXFileReference; fileEncoding = 4; lastKnownFileType = sourcecode.c.objc; path = ITTCalMonth.m; sourceTree = "<group>"; };
		C154E54618E2FA1A006F1F2D /* ITTDebug.h */ = {isa = PBXFileReference; lastKnownFileType = sourcecode.c.h; path = ITTDebug.h; sourceTree = "<group>"; };
		C161DDAC18BB81AD0014A7F3 /* WYGoal.h */ = {isa = PBXFileReference; fileEncoding = 4; lastKnownFileType = sourcecode.c.h; path = WYGoal.h; sourceTree = "<group>"; };
		C161DDAD18BB81AD0014A7F3 /* WYGoal.m */ = {isa = PBXFileReference; fileEncoding = 4; lastKnownFileType = sourcecode.c.objc; path = WYGoal.m; sourceTree = "<group>"; };
		C161DDAF18BB854C0014A7F3 /* WYKeyValueTableHandler.h */ = {isa = PBXFileReference; fileEncoding = 4; lastKnownFileType = sourcecode.c.h; path = WYKeyValueTableHandler.h; sourceTree = "<group>"; };
		C161DDB018BB854C0014A7F3 /* WYKeyValueTableHandler.m */ = {isa = PBXFileReference; fileEncoding = 4; lastKnownFileType = sourcecode.c.objc; path = WYKeyValueTableHandler.m; sourceTree = "<group>"; };
		C161DDB318BB87B70014A7F3 /* FMDatabase+Addition.h */ = {isa = PBXFileReference; fileEncoding = 4; lastKnownFileType = sourcecode.c.h; path = "FMDatabase+Addition.h"; sourceTree = "<group>"; };
		C161DDB418BB87B70014A7F3 /* FMDatabase+Addition.m */ = {isa = PBXFileReference; fileEncoding = 4; lastKnownFileType = sourcecode.c.objc; path = "FMDatabase+Addition.m"; sourceTree = "<group>"; };
		C161DDB518BB87B70014A7F3 /* FMResultSet+Addition.h */ = {isa = PBXFileReference; fileEncoding = 4; lastKnownFileType = sourcecode.c.h; path = "FMResultSet+Addition.h"; sourceTree = "<group>"; };
		C161DDB618BB87B70014A7F3 /* FMResultSet+Addition.m */ = {isa = PBXFileReference; fileEncoding = 4; lastKnownFileType = sourcecode.c.objc; path = "FMResultSet+Addition.m"; sourceTree = "<group>"; };
		C161DDB918BB8C890014A7F3 /* WYConfigManager.h */ = {isa = PBXFileReference; fileEncoding = 4; lastKnownFileType = sourcecode.c.h; path = WYConfigManager.h; sourceTree = "<group>"; };
		C161DDBA18BB8C890014A7F3 /* WYConfigManager.m */ = {isa = PBXFileReference; fileEncoding = 4; lastKnownFileType = sourcecode.c.objc; path = WYConfigManager.m; sourceTree = "<group>"; };
		C16FE62018E447ED00DE50BC /* WYDate.h */ = {isa = PBXFileReference; fileEncoding = 4; lastKnownFileType = sourcecode.c.h; path = WYDate.h; sourceTree = "<group>"; };
		C16FE62118E447ED00DE50BC /* WYDate.m */ = {isa = PBXFileReference; fileEncoding = 4; lastKnownFileType = sourcecode.c.objc; path = WYDate.m; sourceTree = "<group>"; };
		C1845F2A18E3D17700BC2157 /* WYCommitLogTableHandler.h */ = {isa = PBXFileReference; fileEncoding = 4; lastKnownFileType = sourcecode.c.h; path = WYCommitLogTableHandler.h; sourceTree = "<group>"; };
		C1845F2B18E3D17700BC2157 /* WYCommitLogTableHandler.m */ = {isa = PBXFileReference; fileEncoding = 4; lastKnownFileType = sourcecode.c.objc; path = WYCommitLogTableHandler.m; sourceTree = "<group>"; };
		C1845F2D18E3D4EA00BC2157 /* WYCommitLog.h */ = {isa = PBXFileReference; fileEncoding = 4; lastKnownFileType = sourcecode.c.h; path = WYCommitLog.h; sourceTree = "<group>"; };
		C1845F2E18E3D4EA00BC2157 /* WYCommitLog.m */ = {isa = PBXFileReference; fileEncoding = 4; lastKnownFileType = sourcecode.c.objc; path = WYCommitLog.m; sourceTree = "<group>"; };
		C1845F3018E3E89F00BC2157 /* WYGoalInMainViewModel.h */ = {isa = PBXFileReference; fileEncoding = 4; lastKnownFileType = sourcecode.c.h; path = WYGoalInMainViewModel.h; sourceTree = "<group>"; };
		C1845F3118E3E89F00BC2157 /* WYGoalInMainViewModel.m */ = {isa = PBXFileReference; fileEncoding = 4; lastKnownFileType = sourcecode.c.objc; path = WYGoalInMainViewModel.m; sourceTree = "<group>"; };
		C1845F3818E4192000BC2157 /* WYUIElementManager.h */ = {isa = PBXFileReference; fileEncoding = 4; lastKnownFileType = sourcecode.c.h; path = WYUIElementManager.h; sourceTree = "<group>"; };
		C1845F3918E4192000BC2157 /* WYUIElementManager.m */ = {isa = PBXFileReference; fileEncoding = 4; lastKnownFileType = sourcecode.c.objc; path = WYUIElementManager.m; sourceTree = "<group>"; };
		C1850B8318E54ED8001D5A47 /* WYAllGoalDetailsViewController.h */ = {isa = PBXFileReference; fileEncoding = 4; lastKnownFileType = sourcecode.c.h; path = WYAllGoalDetailsViewController.h; sourceTree = "<group>"; };
		C1850B8418E54ED8001D5A47 /* WYAllGoalDetailsViewController.m */ = {isa = PBXFileReference; fileEncoding = 4; lastKnownFileType = sourcecode.c.objc; path = WYAllGoalDetailsViewController.m; sourceTree = "<group>"; };
		C1850B8518E54ED8001D5A47 /* WYAllGoalDetailsViewController.xib */ = {isa = PBXFileReference; fileEncoding = 4; lastKnownFileType = file.xib; path = WYAllGoalDetailsViewController.xib; sourceTree = "<group>"; };
		C1850B8818E559D4001D5A47 /* WYGoalInDetailViewModel.h */ = {isa = PBXFileReference; fileEncoding = 4; lastKnownFileType = sourcecode.c.h; path = WYGoalInDetailViewModel.h; sourceTree = "<group>"; };
		C1850B8918E559D4001D5A47 /* WYGoalInDetailViewModel.m */ = {isa = PBXFileReference; fileEncoding = 4; lastKnownFileType = sourcecode.c.objc; path = WYGoalInDetailViewModel.m; sourceTree = "<group>"; };
		C1AB4ECD18B9FF37002F3A3E /* WYUIContants.h */ = {isa = PBXFileReference; fileEncoding = 4; lastKnownFileType = sourcecode.c.h; path = WYUIContants.h; sourceTree = "<group>"; };
		C1BF7A2618B9C02300F7484C /* WYDatabase.h */ = {isa = PBXFileReference; fileEncoding = 4; lastKnownFileType = sourcecode.c.h; path = WYDatabase.h; sourceTree = "<group>"; };
		C1BF7A2718B9C02300F7484C /* WYDatabase.m */ = {isa = PBXFileReference; fileEncoding = 4; lastKnownFileType = sourcecode.c.objc; path = WYDatabase.m; sourceTree = "<group>"; };
		C1C5387518E2A58500D9C5BB /* WYMyGoalView.h */ = {isa = PBXFileReference; fileEncoding = 4; lastKnownFileType = sourcecode.c.h; path = WYMyGoalView.h; sourceTree = "<group>"; };
		C1C5387618E2A58500D9C5BB /* WYMyGoalView.m */ = {isa = PBXFileReference; fileEncoding = 4; lastKnownFileType = sourcecode.c.objc; path = WYMyGoalView.m; sourceTree = "<group>"; };
		C1C5387A18E2A63200D9C5BB /* CorePlot-CocoaTouch.h */ = {isa = PBXFileReference; fileEncoding = 4; lastKnownFileType = sourcecode.c.h; path = "CorePlot-CocoaTouch.h"; sourceTree = "<group>"; };
		C1C5387B18E2A63200D9C5BB /* CPTAnimation.h */ = {isa = PBXFileReference; fileEncoding = 4; lastKnownFileType = sourcecode.c.h; path = CPTAnimation.h; sourceTree = "<group>"; };
		C1C5387C18E2A63200D9C5BB /* CPTAnimationOperation.h */ = {isa = PBXFileReference; fileEncoding = 4; lastKnownFileType = sourcecode.c.h; path = CPTAnimationOperation.h; sourceTree = "<group>"; };
		C1C5387D18E2A63200D9C5BB /* CPTAnimationPeriod.h */ = {isa = PBXFileReference; fileEncoding = 4; lastKnownFileType = sourcecode.c.h; path = CPTAnimationPeriod.h; sourceTree = "<group>"; };
		C1C5387E18E2A63200D9C5BB /* CPTAnnotation.h */ = {isa = PBXFileReference; fileEncoding = 4; lastKnownFileType = sourcecode.c.h; path = CPTAnnotation.h; sourceTree = "<group>"; };
		C1C5387F18E2A63200D9C5BB /* CPTAnnotationHostLayer.h */ = {isa = PBXFileReference; fileEncoding = 4; lastKnownFileType = sourcecode.c.h; path = CPTAnnotationHostLayer.h; sourceTree = "<group>"; };
		C1C5388018E2A63200D9C5BB /* CPTAxis.h */ = {isa = PBXFileReference; fileEncoding = 4; lastKnownFileType = sourcecode.c.h; path = CPTAxis.h; sourceTree = "<group>"; };
		C1C5388118E2A63200D9C5BB /* CPTAxisLabel.h */ = {isa = PBXFileReference; fileEncoding = 4; lastKnownFileType = sourcecode.c.h; path = CPTAxisLabel.h; sourceTree = "<group>"; };
		C1C5388218E2A63200D9C5BB /* CPTAxisLabelGroup.h */ = {isa = PBXFileReference; fileEncoding = 4; lastKnownFileType = sourcecode.c.h; path = CPTAxisLabelGroup.h; sourceTree = "<group>"; };
		C1C5388318E2A63200D9C5BB /* CPTAxisSet.h */ = {isa = PBXFileReference; fileEncoding = 4; lastKnownFileType = sourcecode.c.h; path = CPTAxisSet.h; sourceTree = "<group>"; };
		C1C5388418E2A63200D9C5BB /* CPTAxisTitle.h */ = {isa = PBXFileReference; fileEncoding = 4; lastKnownFileType = sourcecode.c.h; path = CPTAxisTitle.h; sourceTree = "<group>"; };
		C1C5388518E2A63200D9C5BB /* CPTBarPlot.h */ = {isa = PBXFileReference; fileEncoding = 4; lastKnownFileType = sourcecode.c.h; path = CPTBarPlot.h; sourceTree = "<group>"; };
		C1C5388618E2A63200D9C5BB /* CPTBorderedLayer.h */ = {isa = PBXFileReference; fileEncoding = 4; lastKnownFileType = sourcecode.c.h; path = CPTBorderedLayer.h; sourceTree = "<group>"; };
		C1C5388718E2A63200D9C5BB /* CPTCalendarFormatter.h */ = {isa = PBXFileReference; fileEncoding = 4; lastKnownFileType = sourcecode.c.h; path = CPTCalendarFormatter.h; sourceTree = "<group>"; };
		C1C5388818E2A63200D9C5BB /* CPTColor.h */ = {isa = PBXFileReference; fileEncoding = 4; lastKnownFileType = sourcecode.c.h; path = CPTColor.h; sourceTree = "<group>"; };
		C1C5388918E2A63200D9C5BB /* CPTColorSpace.h */ = {isa = PBXFileReference; fileEncoding = 4; lastKnownFileType = sourcecode.c.h; path = CPTColorSpace.h; sourceTree = "<group>"; };
		C1C5388A18E2A63200D9C5BB /* CPTConstraints.h */ = {isa = PBXFileReference; fileEncoding = 4; lastKnownFileType = sourcecode.c.h; path = CPTConstraints.h; sourceTree = "<group>"; };
		C1C5388B18E2A63200D9C5BB /* CPTDataSourceTestCase.h */ = {isa = PBXFileReference; fileEncoding = 4; lastKnownFileType = sourcecode.c.h; path = CPTDataSourceTestCase.h; sourceTree = "<group>"; };
		C1C5388C18E2A63200D9C5BB /* CPTDefinitions.h */ = {isa = PBXFileReference; fileEncoding = 4; lastKnownFileType = sourcecode.c.h; path = CPTDefinitions.h; sourceTree = "<group>"; };
		C1C5388D18E2A63200D9C5BB /* CPTDerivedXYGraph.h */ = {isa = PBXFileReference; fileEncoding = 4; lastKnownFileType = sourcecode.c.h; path = CPTDerivedXYGraph.h; sourceTree = "<group>"; };
		C1C5388E18E2A63200D9C5BB /* CPTExceptions.h */ = {isa = PBXFileReference; fileEncoding = 4; lastKnownFileType = sourcecode.c.h; path = CPTExceptions.h; sourceTree = "<group>"; };
		C1C5388F18E2A63200D9C5BB /* CPTFill.h */ = {isa = PBXFileReference; fileEncoding = 4; lastKnownFileType = sourcecode.c.h; path = CPTFill.h; sourceTree = "<group>"; };
		C1C5389018E2A63200D9C5BB /* CPTFunctionDataSource.h */ = {isa = PBXFileReference; fileEncoding = 4; lastKnownFileType = sourcecode.c.h; path = CPTFunctionDataSource.h; sourceTree = "<group>"; };
		C1C5389118E2A63200D9C5BB /* CPTGradient.h */ = {isa = PBXFileReference; fileEncoding = 4; lastKnownFileType = sourcecode.c.h; path = CPTGradient.h; sourceTree = "<group>"; };
		C1C5389218E2A63200D9C5BB /* CPTGraph.h */ = {isa = PBXFileReference; fileEncoding = 4; lastKnownFileType = sourcecode.c.h; path = CPTGraph.h; sourceTree = "<group>"; };
		C1C5389318E2A63200D9C5BB /* CPTGraphHostingView.h */ = {isa = PBXFileReference; fileEncoding = 4; lastKnownFileType = sourcecode.c.h; path = CPTGraphHostingView.h; sourceTree = "<group>"; };
		C1C5389418E2A63200D9C5BB /* CPTGridLineGroup.h */ = {isa = PBXFileReference; fileEncoding = 4; lastKnownFileType = sourcecode.c.h; path = CPTGridLineGroup.h; sourceTree = "<group>"; };
		C1C5389518E2A63200D9C5BB /* CPTGridLines.h */ = {isa = PBXFileReference; fileEncoding = 4; lastKnownFileType = sourcecode.c.h; path = CPTGridLines.h; sourceTree = "<group>"; };
		C1C5389618E2A63200D9C5BB /* CPTImage.h */ = {isa = PBXFileReference; fileEncoding = 4; lastKnownFileType = sourcecode.c.h; path = CPTImage.h; sourceTree = "<group>"; };
		C1C5389718E2A63200D9C5BB /* CPTLayer.h */ = {isa = PBXFileReference; fileEncoding = 4; lastKnownFileType = sourcecode.c.h; path = CPTLayer.h; sourceTree = "<group>"; };
		C1C5389818E2A63200D9C5BB /* CPTLayerAnnotation.h */ = {isa = PBXFileReference; fileEncoding = 4; lastKnownFileType = sourcecode.c.h; path = CPTLayerAnnotation.h; sourceTree = "<group>"; };
		C1C5389918E2A63200D9C5BB /* CPTLegend.h */ = {isa = PBXFileReference; fileEncoding = 4; lastKnownFileType = sourcecode.c.h; path = CPTLegend.h; sourceTree = "<group>"; };
		C1C5389A18E2A63200D9C5BB /* CPTLegendEntry.h */ = {isa = PBXFileReference; fileEncoding = 4; lastKnownFileType = sourcecode.c.h; path = CPTLegendEntry.h; sourceTree = "<group>"; };
		C1C5389B18E2A63200D9C5BB /* CPTLimitBand.h */ = {isa = PBXFileReference; fileEncoding = 4; lastKnownFileType = sourcecode.c.h; path = CPTLimitBand.h; sourceTree = "<group>"; };
		C1C5389C18E2A63200D9C5BB /* CPTLineCap.h */ = {isa = PBXFileReference; fileEncoding = 4; lastKnownFileType = sourcecode.c.h; path = CPTLineCap.h; sourceTree = "<group>"; };
		C1C5389D18E2A63200D9C5BB /* CPTLineStyle.h */ = {isa = PBXFileReference; fileEncoding = 4; lastKnownFileType = sourcecode.c.h; path = CPTLineStyle.h; sourceTree = "<group>"; };
		C1C5389E18E2A63200D9C5BB /* CPTMutableLineStyle.h */ = {isa = PBXFileReference; fileEncoding = 4; lastKnownFileType = sourcecode.c.h; path = CPTMutableLineStyle.h; sourceTree = "<group>"; };
		C1C5389F18E2A63200D9C5BB /* CPTMutableNumericData+TypeConversion.h */ = {isa = PBXFileReference; fileEncoding = 4; lastKnownFileType = sourcecode.c.h; path = "CPTMutableNumericData+TypeConversion.h"; sourceTree = "<group>"; };
		C1C538A018E2A63200D9C5BB /* CPTMutableNumericData.h */ = {isa = PBXFileReference; fileEncoding = 4; lastKnownFileType = sourcecode.c.h; path = CPTMutableNumericData.h; sourceTree = "<group>"; };
		C1C538A118E2A63200D9C5BB /* CPTMutablePlotRange.h */ = {isa = PBXFileReference; fileEncoding = 4; lastKnownFileType = sourcecode.c.h; path = CPTMutablePlotRange.h; sourceTree = "<group>"; };
		C1C538A218E2A63200D9C5BB /* CPTMutableShadow.h */ = {isa = PBXFileReference; fileEncoding = 4; lastKnownFileType = sourcecode.c.h; path = CPTMutableShadow.h; sourceTree = "<group>"; };
		C1C538A318E2A63200D9C5BB /* CPTMutableTextStyle.h */ = {isa = PBXFileReference; fileEncoding = 4; lastKnownFileType = sourcecode.c.h; path = CPTMutableTextStyle.h; sourceTree = "<group>"; };
		C1C538A418E2A63200D9C5BB /* CPTNumericData+TypeConversion.h */ = {isa = PBXFileReference; fileEncoding = 4; lastKnownFileType = sourcecode.c.h; path = "CPTNumericData+TypeConversion.h"; sourceTree = "<group>"; };
		C1C538A518E2A63200D9C5BB /* CPTNumericData.h */ = {isa = PBXFileReference; fileEncoding = 4; lastKnownFileType = sourcecode.c.h; path = CPTNumericData.h; sourceTree = "<group>"; };
		C1C538A618E2A63200D9C5BB /* CPTNumericDataType.h */ = {isa = PBXFileReference; fileEncoding = 4; lastKnownFileType = sourcecode.c.h; path = CPTNumericDataType.h; sourceTree = "<group>"; };
		C1C538A718E2A63200D9C5BB /* CPTPathExtensions.h */ = {isa = PBXFileReference; fileEncoding = 4; lastKnownFileType = sourcecode.c.h; path = CPTPathExtensions.h; sourceTree = "<group>"; };
		C1C538A818E2A63200D9C5BB /* CPTPieChart.h */ = {isa = PBXFileReference; fileEncoding = 4; lastKnownFileType = sourcecode.c.h; path = CPTPieChart.h; sourceTree = "<group>"; };
		C1C538A918E2A63200D9C5BB /* CPTPlatformSpecificCategories.h */ = {isa = PBXFileReference; fileEncoding = 4; lastKnownFileType = sourcecode.c.h; path = CPTPlatformSpecificCategories.h; sourceTree = "<group>"; };
		C1C538AA18E2A63200D9C5BB /* CPTPlatformSpecificDefines.h */ = {isa = PBXFileReference; fileEncoding = 4; lastKnownFileType = sourcecode.c.h; path = CPTPlatformSpecificDefines.h; sourceTree = "<group>"; };
		C1C538AB18E2A63200D9C5BB /* CPTPlatformSpecificFunctions.h */ = {isa = PBXFileReference; fileEncoding = 4; lastKnownFileType = sourcecode.c.h; path = CPTPlatformSpecificFunctions.h; sourceTree = "<group>"; };
		C1C538AC18E2A63200D9C5BB /* CPTPlot.h */ = {isa = PBXFileReference; fileEncoding = 4; lastKnownFileType = sourcecode.c.h; path = CPTPlot.h; sourceTree = "<group>"; };
		C1C538AD18E2A63200D9C5BB /* CPTPlotArea.h */ = {isa = PBXFileReference; fileEncoding = 4; lastKnownFileType = sourcecode.c.h; path = CPTPlotArea.h; sourceTree = "<group>"; };
		C1C538AE18E2A63200D9C5BB /* CPTPlotAreaFrame.h */ = {isa = PBXFileReference; fileEncoding = 4; lastKnownFileType = sourcecode.c.h; path = CPTPlotAreaFrame.h; sourceTree = "<group>"; };
		C1C538AF18E2A63200D9C5BB /* CPTPlotGroup.h */ = {isa = PBXFileReference; fileEncoding = 4; lastKnownFileType = sourcecode.c.h; path = CPTPlotGroup.h; sourceTree = "<group>"; };
		C1C538B018E2A63200D9C5BB /* CPTPlotRange.h */ = {isa = PBXFileReference; fileEncoding = 4; lastKnownFileType = sourcecode.c.h; path = CPTPlotRange.h; sourceTree = "<group>"; };
		C1C538B118E2A63200D9C5BB /* CPTPlotSpace.h */ = {isa = PBXFileReference; fileEncoding = 4; lastKnownFileType = sourcecode.c.h; path = CPTPlotSpace.h; sourceTree = "<group>"; };
		C1C538B218E2A63200D9C5BB /* CPTPlotSpaceAnnotation.h */ = {isa = PBXFileReference; fileEncoding = 4; lastKnownFileType = sourcecode.c.h; path = CPTPlotSpaceAnnotation.h; sourceTree = "<group>"; };
		C1C538B318E2A63200D9C5BB /* CPTPlotSymbol.h */ = {isa = PBXFileReference; fileEncoding = 4; lastKnownFileType = sourcecode.c.h; path = CPTPlotSymbol.h; sourceTree = "<group>"; };
		C1C538B418E2A63200D9C5BB /* CPTRangePlot.h */ = {isa = PBXFileReference; fileEncoding = 4; lastKnownFileType = sourcecode.c.h; path = CPTRangePlot.h; sourceTree = "<group>"; };
		C1C538B518E2A63200D9C5BB /* CPTResponder.h */ = {isa = PBXFileReference; fileEncoding = 4; lastKnownFileType = sourcecode.c.h; path = CPTResponder.h; sourceTree = "<group>"; };
		C1C538B618E2A63200D9C5BB /* CPTScatterPlot.h */ = {isa = PBXFileReference; fileEncoding = 4; lastKnownFileType = sourcecode.c.h; path = CPTScatterPlot.h; sourceTree = "<group>"; };
		C1C538B718E2A63200D9C5BB /* CPTShadow.h */ = {isa = PBXFileReference; fileEncoding = 4; lastKnownFileType = sourcecode.c.h; path = CPTShadow.h; sourceTree = "<group>"; };
		C1C538B818E2A63200D9C5BB /* CPTTestCase.h */ = {isa = PBXFileReference; fileEncoding = 4; lastKnownFileType = sourcecode.c.h; path = CPTTestCase.h; sourceTree = "<group>"; };
		C1C538B918E2A63200D9C5BB /* CPTTextLayer.h */ = {isa = PBXFileReference; fileEncoding = 4; lastKnownFileType = sourcecode.c.h; path = CPTTextLayer.h; sourceTree = "<group>"; };
		C1C538BA18E2A63200D9C5BB /* CPTTextStyle.h */ = {isa = PBXFileReference; fileEncoding = 4; lastKnownFileType = sourcecode.c.h; path = CPTTextStyle.h; sourceTree = "<group>"; };
		C1C538BB18E2A63200D9C5BB /* CPTTextStylePlatformSpecific.h */ = {isa = PBXFileReference; fileEncoding = 4; lastKnownFileType = sourcecode.c.h; path = CPTTextStylePlatformSpecific.h; sourceTree = "<group>"; };
		C1C538BC18E2A63200D9C5BB /* CPTTheme.h */ = {isa = PBXFileReference; fileEncoding = 4; lastKnownFileType = sourcecode.c.h; path = CPTTheme.h; sourceTree = "<group>"; };
		C1C538BD18E2A63200D9C5BB /* CPTTimeFormatter.h */ = {isa = PBXFileReference; fileEncoding = 4; lastKnownFileType = sourcecode.c.h; path = CPTTimeFormatter.h; sourceTree = "<group>"; };
		C1C538BE18E2A63200D9C5BB /* CPTTradingRangePlot.h */ = {isa = PBXFileReference; fileEncoding = 4; lastKnownFileType = sourcecode.c.h; path = CPTTradingRangePlot.h; sourceTree = "<group>"; };
		C1C538BF18E2A63200D9C5BB /* CPTUtilities.h */ = {isa = PBXFileReference; fileEncoding = 4; lastKnownFileType = sourcecode.c.h; path = CPTUtilities.h; sourceTree = "<group>"; };
		C1C538C018E2A63200D9C5BB /* CPTXYAxis.h */ = {isa = PBXFileReference; fileEncoding = 4; lastKnownFileType = sourcecode.c.h; path = CPTXYAxis.h; sourceTree = "<group>"; };
		C1C538C118E2A63200D9C5BB /* CPTXYAxisSet.h */ = {isa = PBXFileReference; fileEncoding = 4; lastKnownFileType = sourcecode.c.h; path = CPTXYAxisSet.h; sourceTree = "<group>"; };
		C1C538C218E2A63200D9C5BB /* CPTXYGraph.h */ = {isa = PBXFileReference; fileEncoding = 4; lastKnownFileType = sourcecode.c.h; path = CPTXYGraph.h; sourceTree = "<group>"; };
		C1C538C318E2A63200D9C5BB /* CPTXYPlotSpace.h */ = {isa = PBXFileReference; fileEncoding = 4; lastKnownFileType = sourcecode.c.h; path = CPTXYPlotSpace.h; sourceTree = "<group>"; };
		C1C538C418E2A63200D9C5BB /* mainpage.h */ = {isa = PBXFileReference; fileEncoding = 4; lastKnownFileType = sourcecode.c.h; path = mainpage.h; sourceTree = "<group>"; };
		C1C538C518E2A63200D9C5BB /* NSCoderExtensions.h */ = {isa = PBXFileReference; fileEncoding = 4; lastKnownFileType = sourcecode.c.h; path = NSCoderExtensions.h; sourceTree = "<group>"; };
		C1C538C618E2A63200D9C5BB /* NSDecimalNumberExtensions.h */ = {isa = PBXFileReference; fileEncoding = 4; lastKnownFileType = sourcecode.c.h; path = NSDecimalNumberExtensions.h; sourceTree = "<group>"; };
		C1C538C718E2A63200D9C5BB /* NSNumberExtensions.h */ = {isa = PBXFileReference; fileEncoding = 4; lastKnownFileType = sourcecode.c.h; path = NSNumberExtensions.h; sourceTree = "<group>"; };
		C1C538C818E2A63200D9C5BB /* libCorePlot-CocoaTouch.a */ = {isa = PBXFileReference; lastKnownFileType = archive.ar; name = "libCorePlot-CocoaTouch.a"; path = "../libCorePlot-CocoaTouch.a"; sourceTree = "<group>"; };
		C1C538CB18E2AB3700D9C5BB /* WYMainContainerViewController.h */ = {isa = PBXFileReference; fileEncoding = 4; lastKnownFileType = sourcecode.c.h; path = WYMainContainerViewController.h; sourceTree = "<group>"; };
		C1C538CC18E2AB3700D9C5BB /* WYMainContainerViewController.m */ = {isa = PBXFileReference; fileEncoding = 4; lastKnownFileType = sourcecode.c.objc; path = WYMainContainerViewController.m; sourceTree = "<group>"; };
		C1D091581894B48300FDBB72 /* WYHabit.app */ = {isa = PBXFileReference; explicitFileType = wrapper.application; includeInIndex = 0; path = WYHabit.app; sourceTree = BUILT_PRODUCTS_DIR; };
		C1D0915B1894B48300FDBB72 /* Foundation.framework */ = {isa = PBXFileReference; lastKnownFileType = wrapper.framework; name = Foundation.framework; path = System/Library/Frameworks/Foundation.framework; sourceTree = SDKROOT; };
		C1D0915D1894B48300FDBB72 /* CoreGraphics.framework */ = {isa = PBXFileReference; lastKnownFileType = wrapper.framework; name = CoreGraphics.framework; path = System/Library/Frameworks/CoreGraphics.framework; sourceTree = SDKROOT; };
		C1D0915F1894B48300FDBB72 /* UIKit.framework */ = {isa = PBXFileReference; lastKnownFileType = wrapper.framework; name = UIKit.framework; path = System/Library/Frameworks/UIKit.framework; sourceTree = SDKROOT; };
		C1D091631894B48300FDBB72 /* WYHabit-Info.plist */ = {isa = PBXFileReference; lastKnownFileType = text.plist.xml; path = "WYHabit-Info.plist"; sourceTree = "<group>"; };
		C1D091651894B48300FDBB72 /* en */ = {isa = PBXFileReference; lastKnownFileType = text.plist.strings; name = en; path = en.lproj/InfoPlist.strings; sourceTree = "<group>"; };
		C1D091671894B48300FDBB72 /* main.m */ = {isa = PBXFileReference; lastKnownFileType = sourcecode.c.objc; path = main.m; sourceTree = "<group>"; };
		C1D091691894B48300FDBB72 /* WYHabit-Prefix.pch */ = {isa = PBXFileReference; lastKnownFileType = sourcecode.c.h; path = "WYHabit-Prefix.pch"; sourceTree = "<group>"; };
		C1D0916A1894B48300FDBB72 /* WYAppDelegate.h */ = {isa = PBXFileReference; lastKnownFileType = sourcecode.c.h; path = WYAppDelegate.h; sourceTree = "<group>"; };
		C1D0916B1894B48300FDBB72 /* WYAppDelegate.m */ = {isa = PBXFileReference; lastKnownFileType = sourcecode.c.objc; path = WYAppDelegate.m; sourceTree = "<group>"; };
		C1D0916D1894B48300FDBB72 /* Images.xcassets */ = {isa = PBXFileReference; lastKnownFileType = folder.assetcatalog; path = Images.xcassets; sourceTree = "<group>"; };
		C1D091731894B48300FDBB72 /* WYHabitTests.xctest */ = {isa = PBXFileReference; explicitFileType = wrapper.cfbundle; includeInIndex = 0; path = WYHabitTests.xctest; sourceTree = BUILT_PRODUCTS_DIR; };
		C1D091741894B48300FDBB72 /* XCTest.framework */ = {isa = PBXFileReference; lastKnownFileType = wrapper.framework; name = XCTest.framework; path = Library/Frameworks/XCTest.framework; sourceTree = DEVELOPER_DIR; };
		C1D0917C1894B48300FDBB72 /* WYHabitTests-Info.plist */ = {isa = PBXFileReference; lastKnownFileType = text.plist.xml; path = "WYHabitTests-Info.plist"; sourceTree = "<group>"; };
		C1D0917E1894B48300FDBB72 /* en */ = {isa = PBXFileReference; lastKnownFileType = text.plist.strings; name = en; path = en.lproj/InfoPlist.strings; sourceTree = "<group>"; };
		C1D091801894B48300FDBB72 /* WYHabitTests.m */ = {isa = PBXFileReference; lastKnownFileType = sourcecode.c.objc; path = WYHabitTests.m; sourceTree = "<group>"; };
		C1D3AA9B18B9CB27007712E8 /* WYDataManager.h */ = {isa = PBXFileReference; fileEncoding = 4; lastKnownFileType = sourcecode.c.h; path = WYDataManager.h; sourceTree = "<group>"; };
		C1D3AA9C18B9CB27007712E8 /* WYDataManager.m */ = {isa = PBXFileReference; fileEncoding = 4; lastKnownFileType = sourcecode.c.objc; path = WYDataManager.m; sourceTree = "<group>"; };
		C1D3AA9E18B9CB41007712E8 /* WYConstants.h */ = {isa = PBXFileReference; lastKnownFileType = sourcecode.c.h; path = WYConstants.h; sourceTree = "<group>"; };
		C1D3AA9F18B9D121007712E8 /* WYGoalTableHandler.h */ = {isa = PBXFileReference; fileEncoding = 4; lastKnownFileType = sourcecode.c.h; path = WYGoalTableHandler.h; sourceTree = "<group>"; };
		C1D3AAA018B9D121007712E8 /* WYGoalTableHandler.m */ = {isa = PBXFileReference; fileEncoding = 4; lastKnownFileType = sourcecode.c.objc; path = WYGoalTableHandler.m; sourceTree = "<group>"; };
		C1D3AAA318B9DE02007712E8 /* WYTableHandler.h */ = {isa = PBXFileReference; fileEncoding = 4; lastKnownFileType = sourcecode.c.h; path = WYTableHandler.h; sourceTree = "<group>"; };
		C1D3AAA418B9DE02007712E8 /* WYTableHandler.m */ = {isa = PBXFileReference; fileEncoding = 4; lastKnownFileType = sourcecode.c.objc; path = WYTableHandler.m; sourceTree = "<group>"; };
/* End PBXFileReference section */

/* Begin PBXFrameworksBuildPhase section */
		C1D091551894B48300FDBB72 /* Frameworks */ = {
			isa = PBXFrameworksBuildPhase;
			buildActionMask = 2147483647;
			files = (
				C1D0915E1894B48300FDBB72 /* CoreGraphics.framework in Frameworks */,
				C1D091601894B48300FDBB72 /* UIKit.framework in Frameworks */,
				C1D0915C1894B48300FDBB72 /* Foundation.framework in Frameworks */,
				F894A2CE631F4203BECC0EAD /* libPods.a in Frameworks */,
				C1C538C918E2A63200D9C5BB /* libCorePlot-CocoaTouch.a in Frameworks */,
			);
			runOnlyForDeploymentPostprocessing = 0;
		};
		C1D091701894B48300FDBB72 /* Frameworks */ = {
			isa = PBXFrameworksBuildPhase;
			buildActionMask = 2147483647;
			files = (
				C1D091751894B48300FDBB72 /* XCTest.framework in Frameworks */,
				C1D091771894B48300FDBB72 /* UIKit.framework in Frameworks */,
				C1D091761894B48300FDBB72 /* Foundation.framework in Frameworks */,
			);
			runOnlyForDeploymentPostprocessing = 0;
		};
/* End PBXFrameworksBuildPhase section */

/* Begin PBXGroup section */
		C102510118B9EC9C0036D44F /* GoalCommit */ = {
			isa = PBXGroup;
			children = (
				C1C5387518E2A58500D9C5BB /* WYMyGoalView.h */,
				C1C5387618E2A58500D9C5BB /* WYMyGoalView.m */,
				C102510218B9EE1B0036D44F /* WYGoalCommitViewController.h */,
				C102510318B9EE1B0036D44F /* WYGoalCommitViewController.m */,
				C102510418B9EE1B0036D44F /* WYGoalCommitViewController.xib */,
			);
			path = GoalCommit;
			sourceTree = "<group>";
		};
		C154673718E5DE5E00AE0212 /* UIUtils */ = {
			isa = PBXGroup;
			children = (
				C154673818E5DE7100AE0212 /* WYToggleButton.h */,
				C154673918E5DE7100AE0212 /* WYToggleButton.m */,
			);
			path = UIUtils;
			sourceTree = "<group>";
		};
		C154673B18E65EDB00AE0212 /* UIImage */ = {
			isa = PBXGroup;
			children = (
				C154673C18E65EF100AE0212 /* commit_button@2x.png */,
			);
			path = UIImage;
			sourceTree = "<group>";
		};
		C154E43218E2F912006F1F2D /* CorePlot */ = {
			isa = PBXGroup;
			children = (
				C1C5387918E2A63200D9C5BB /* CorePlotHeaders */,
				C1C538C818E2A63200D9C5BB /* libCorePlot-CocoaTouch.a */,
			);
			path = CorePlot;
			sourceTree = "<group>";
		};
		C154E43318E2F928006F1F2D /* Calendar */ = {
			isa = PBXGroup;
			children = (
				C154E4D818E2F97C006F1F2D /* Images */,
				C154E4F318E2F97C006F1F2D /* Src */,
			);
			path = Calendar;
			sourceTree = "<group>";
		};
		C154E4D818E2F97C006F1F2D /* Images */ = {
			isa = PBXGroup;
			children = (
				C154E4D918E2F97C006F1F2D /* bg_calendar@2x.png */,
				C154E4DA18E2F97C006F1F2D /* bg_calendar_footer@2x.png */,
				C154E4DB18E2F97C006F1F2D /* bg_calendar_header@2x.png */,
				C154E4DC18E2F97C006F1F2D /* bg_calendar_week_header@2x.png */,
				C154E4DD18E2F97C006F1F2D /* bg_grid@2x.png */,
				C154E4DE18E2F97C006F1F2D /* btn_choose_date_left_arrow@2x.png */,
				C154E4DF18E2F97C006F1F2D /* btn_choose_date_left_arrow_highlight@2x.png */,
				C154E4E018E2F97C006F1F2D /* btn_choose_date_right_arrow@2x.png */,
				C154E4E118E2F97C006F1F2D /* btn_choose_date_right_arrow_highlight@2x.png */,
				C154E4E218E2F97C006F1F2D /* btn_choose_departure_date@2x.png */,
				C154E4E318E2F97C006F1F2D /* btn_chose_date@2x.png */,
				C154E4E418E2F97C006F1F2D /* btn_chose_date_highlight@2x.png */,
				C154E4E518E2F97C006F1F2D /* btn_close_date@2x.png */,
				C154E4E618E2F97C006F1F2D /* btn_close_date_hihglight@2x.png */,
				C154E4E718E2F97C006F1F2D /* btn_grid@2x.png */,
				C154E4E818E2F97C006F1F2D /* btn_grid_cell@2x.png */,
				C154E4E918E2F97C006F1F2D /* btn_grid_cell_highlight@2x.png */,
				C154E4EA18E2F97C006F1F2D /* btn_grid_cell_selected@2x.png */,
				C154E4EB18E2F97C006F1F2D /* btn_grid_highlight@2x.png */,
				C154E4EC18E2F97C006F1F2D /* btn_grid_selected@2x.png */,
				C154E4ED18E2F97C006F1F2D /* btn_next_month@2x.png */,
				C154E4EE18E2F97C006F1F2D /* btn_next_month_highlight@2x.png */,
				C154E4EF18E2F97C006F1F2D /* btn_previous_month@2x.png */,
				C154E4F018E2F97C006F1F2D /* btn_previous_month_highlight@2x.png */,
				C154E4F118E2F97C006F1F2D /* btn_radio_check_box@2x.png */,
				C154E4F218E2F97C006F1F2D /* btn_radio_check_box_selected@2x.png */,
			);
			path = Images;
			sourceTree = "<group>";
		};
		C154E4F318E2F97C006F1F2D /* Src */ = {
			isa = PBXGroup;
			children = (
				C154E54618E2FA1A006F1F2D /* ITTDebug.h */,
				C154E4F418E2F97C006F1F2D /* Core */,
				C154E50318E2F97C006F1F2D /* Imp */,
				C154E51218E2F97C006F1F2D /* Model */,
			);
			path = Src;
			sourceTree = "<group>";
		};
		C154E4F418E2F97C006F1F2D /* Core */ = {
			isa = PBXGroup;
			children = (
				C154E4F518E2F97C006F1F2D /* Enum.h */,
				C154E4F618E2F97C006F1F2D /* ITTCalendarGridView.h */,
				C154E4F718E2F97C006F1F2D /* ITTCalendarGridView.m */,
				C154E4F818E2F97C006F1F2D /* ITTCalendarScrollView.h */,
				C154E4F918E2F97C006F1F2D /* ITTCalendarScrollView.m */,
				C154E4FA18E2F97C006F1F2D /* ITTCalendarView.h */,
				C154E4FB18E2F97C006F1F2D /* ITTCalendarView.m */,
				C154E4FC18E2F97C006F1F2D /* ITTCalendarView.xib */,
				C154E4FD18E2F97C006F1F2D /* ITTCalendarViewDataSource.h */,
				C154E4FE18E2F97C006F1F2D /* ITTCalendarViewDelegate.h */,
				C154E4FF18E2F97C006F1F2D /* ITTCalendarViewFooterView.h */,
				C154E50018E2F97C006F1F2D /* ITTCalendarViewFooterView.m */,
				C154E50118E2F97C006F1F2D /* ITTCalendarViewHeaderView.h */,
				C154E50218E2F97C006F1F2D /* ITTCalendarViewHeaderView.m */,
			);
			path = Core;
			sourceTree = "<group>";
		};
		C154E50318E2F97C006F1F2D /* Imp */ = {
			isa = PBXGroup;
			children = (
				C154E50418E2F97C006F1F2D /* ITTBaseCalendarDisableGridView.h */,
				C154E50518E2F97C006F1F2D /* ITTBaseCalendarDisableGridView.m */,
				C154E50618E2F97C006F1F2D /* ITTBaseCalendarDisableGridView.xib */,
				C154E50718E2F97C006F1F2D /* ITTBaseCalendarGridView.h */,
				C154E50818E2F97C006F1F2D /* ITTBaseCalendarGridView.m */,
				C154E50918E2F97C006F1F2D /* ITTBaseCalendarGridView.xib */,
				C154E50A18E2F97C006F1F2D /* ITTBaseCalendarViewFooterView.h */,
				C154E50B18E2F97C006F1F2D /* ITTBaseCalendarViewFooterView.m */,
				C154E50C18E2F97C006F1F2D /* ITTBaseCalendarViewFooterView.xib */,
				C154E50D18E2F97C006F1F2D /* ITTBaseCalendarViewHeaderView.h */,
				C154E50E18E2F97C006F1F2D /* ITTBaseCalendarViewHeaderView.m */,
				C154E50F18E2F97C006F1F2D /* ITTBaseCalendarViewHeaderView.xib */,
				C154E51018E2F97C006F1F2D /* ITTBaseDataSourceImp.h */,
				C154E51118E2F97C006F1F2D /* ITTBaseDataSourceImp.m */,
			);
			path = Imp;
			sourceTree = "<group>";
		};
		C154E51218E2F97C006F1F2D /* Model */ = {
			isa = PBXGroup;
			children = (
				C154E51318E2F97C006F1F2D /* CalendarDateUtil.h */,
				C154E51418E2F97C006F1F2D /* CalendarDateUtil.m */,
				C154E51518E2F97C006F1F2D /* ITTCalDay.h */,
				C154E51618E2F97C006F1F2D /* ITTCalDay.m */,
				C154E51718E2F97C006F1F2D /* ITTCalMonth.h */,
				C154E51818E2F97C006F1F2D /* ITTCalMonth.m */,
			);
			path = Model;
			sourceTree = "<group>";
		};
		C157A10118E0590900339AE6 /* Chart */ = {
			isa = PBXGroup;
			children = (
			);
			path = Chart;
			sourceTree = "<group>";
		};
		C161DDAB18BB819A0014A7F3 /* Model */ = {
			isa = PBXGroup;
			children = (
				C161DDAC18BB81AD0014A7F3 /* WYGoal.h */,
				C161DDAD18BB81AD0014A7F3 /* WYGoal.m */,
				C1845F2D18E3D4EA00BC2157 /* WYCommitLog.h */,
				C1845F2E18E3D4EA00BC2157 /* WYCommitLog.m */,
				C16FE62018E447ED00DE50BC /* WYDate.h */,
				C16FE62118E447ED00DE50BC /* WYDate.m */,
			);
			path = Model;
			sourceTree = "<group>";
		};
		C161DDB218BB87B70014A7F3 /* FMDB+Addition */ = {
			isa = PBXGroup;
			children = (
				C161DDB318BB87B70014A7F3 /* FMDatabase+Addition.h */,
				C161DDB418BB87B70014A7F3 /* FMDatabase+Addition.m */,
				C161DDB518BB87B70014A7F3 /* FMResultSet+Addition.h */,
				C161DDB618BB87B70014A7F3 /* FMResultSet+Addition.m */,
			);
			path = "FMDB+Addition";
			sourceTree = "<group>";
		};
		C1850B8218E54E6A001D5A47 /* GoalDetails */ = {
			isa = PBXGroup;
			children = (
				C1850B8318E54ED8001D5A47 /* WYAllGoalDetailsViewController.h */,
				C1850B8418E54ED8001D5A47 /* WYAllGoalDetailsViewController.m */,
				C1850B8518E54ED8001D5A47 /* WYAllGoalDetailsViewController.xib */,
				C1850B8818E559D4001D5A47 /* WYGoalInDetailViewModel.h */,
				C1850B8918E559D4001D5A47 /* WYGoalInDetailViewModel.m */,
			);
			path = GoalDetails;
			sourceTree = "<group>";
		};
		C1BF7A2418B9BD3E00F7484C /* SourceCode */ = {
			isa = PBXGroup;
			children = (
				C1850B8218E54E6A001D5A47 /* GoalDetails */,
				C1C538CA18E2AB2100D9C5BB /* MainContainer */,
				C157A10118E0590900339AE6 /* Chart */,
				C102510118B9EC9C0036D44F /* GoalCommit */,
				C1BF7A2518B9BD6B00F7484C /* Common */,
			);
			path = SourceCode;
			sourceTree = "<group>";
		};
		C1BF7A2518B9BD6B00F7484C /* Common */ = {
			isa = PBXGroup;
			children = (
				C154673718E5DE5E00AE0212 /* UIUtils */,
				C161DDB218BB87B70014A7F3 /* FMDB+Addition */,
				C161DDAB18BB819A0014A7F3 /* Model */,
				C1BF7A2618B9C02300F7484C /* WYDatabase.h */,
				C1BF7A2718B9C02300F7484C /* WYDatabase.m */,
				C1D3AA9B18B9CB27007712E8 /* WYDataManager.h */,
				C1D3AA9C18B9CB27007712E8 /* WYDataManager.m */,
				C1D3AA9E18B9CB41007712E8 /* WYConstants.h */,
				C1D3AA9F18B9D121007712E8 /* WYGoalTableHandler.h */,
				C1D3AAA018B9D121007712E8 /* WYGoalTableHandler.m */,
				C1D3AAA318B9DE02007712E8 /* WYTableHandler.h */,
				C1D3AAA418B9DE02007712E8 /* WYTableHandler.m */,
				C1AB4ECD18B9FF37002F3A3E /* WYUIContants.h */,
				C161DDAF18BB854C0014A7F3 /* WYKeyValueTableHandler.h */,
				C161DDB018BB854C0014A7F3 /* WYKeyValueTableHandler.m */,
				C161DDB918BB8C890014A7F3 /* WYConfigManager.h */,
				C161DDBA18BB8C890014A7F3 /* WYConfigManager.m */,
				C1845F2A18E3D17700BC2157 /* WYCommitLogTableHandler.h */,
				C1845F2B18E3D17700BC2157 /* WYCommitLogTableHandler.m */,
				C1845F3818E4192000BC2157 /* WYUIElementManager.h */,
				C1845F3918E4192000BC2157 /* WYUIElementManager.m */,
			);
			path = Common;
			sourceTree = "<group>";
		};
		C1C5387818E2A61C00D9C5BB /* StaticLibrary */ = {
			isa = PBXGroup;
			children = (
				C154E43318E2F928006F1F2D /* Calendar */,
				C154E43218E2F912006F1F2D /* CorePlot */,
			);
			path = StaticLibrary;
			sourceTree = "<group>";
		};
		C1C5387918E2A63200D9C5BB /* CorePlotHeaders */ = {
			isa = PBXGroup;
			children = (
				C1C5387A18E2A63200D9C5BB /* CorePlot-CocoaTouch.h */,
				C1C5387B18E2A63200D9C5BB /* CPTAnimation.h */,
				C1C5387C18E2A63200D9C5BB /* CPTAnimationOperation.h */,
				C1C5387D18E2A63200D9C5BB /* CPTAnimationPeriod.h */,
				C1C5387E18E2A63200D9C5BB /* CPTAnnotation.h */,
				C1C5387F18E2A63200D9C5BB /* CPTAnnotationHostLayer.h */,
				C1C5388018E2A63200D9C5BB /* CPTAxis.h */,
				C1C5388118E2A63200D9C5BB /* CPTAxisLabel.h */,
				C1C5388218E2A63200D9C5BB /* CPTAxisLabelGroup.h */,
				C1C5388318E2A63200D9C5BB /* CPTAxisSet.h */,
				C1C5388418E2A63200D9C5BB /* CPTAxisTitle.h */,
				C1C5388518E2A63200D9C5BB /* CPTBarPlot.h */,
				C1C5388618E2A63200D9C5BB /* CPTBorderedLayer.h */,
				C1C5388718E2A63200D9C5BB /* CPTCalendarFormatter.h */,
				C1C5388818E2A63200D9C5BB /* CPTColor.h */,
				C1C5388918E2A63200D9C5BB /* CPTColorSpace.h */,
				C1C5388A18E2A63200D9C5BB /* CPTConstraints.h */,
				C1C5388B18E2A63200D9C5BB /* CPTDataSourceTestCase.h */,
				C1C5388C18E2A63200D9C5BB /* CPTDefinitions.h */,
				C1C5388D18E2A63200D9C5BB /* CPTDerivedXYGraph.h */,
				C1C5388E18E2A63200D9C5BB /* CPTExceptions.h */,
				C1C5388F18E2A63200D9C5BB /* CPTFill.h */,
				C1C5389018E2A63200D9C5BB /* CPTFunctionDataSource.h */,
				C1C5389118E2A63200D9C5BB /* CPTGradient.h */,
				C1C5389218E2A63200D9C5BB /* CPTGraph.h */,
				C1C5389318E2A63200D9C5BB /* CPTGraphHostingView.h */,
				C1C5389418E2A63200D9C5BB /* CPTGridLineGroup.h */,
				C1C5389518E2A63200D9C5BB /* CPTGridLines.h */,
				C1C5389618E2A63200D9C5BB /* CPTImage.h */,
				C1C5389718E2A63200D9C5BB /* CPTLayer.h */,
				C1C5389818E2A63200D9C5BB /* CPTLayerAnnotation.h */,
				C1C5389918E2A63200D9C5BB /* CPTLegend.h */,
				C1C5389A18E2A63200D9C5BB /* CPTLegendEntry.h */,
				C1C5389B18E2A63200D9C5BB /* CPTLimitBand.h */,
				C1C5389C18E2A63200D9C5BB /* CPTLineCap.h */,
				C1C5389D18E2A63200D9C5BB /* CPTLineStyle.h */,
				C1C5389E18E2A63200D9C5BB /* CPTMutableLineStyle.h */,
				C1C5389F18E2A63200D9C5BB /* CPTMutableNumericData+TypeConversion.h */,
				C1C538A018E2A63200D9C5BB /* CPTMutableNumericData.h */,
				C1C538A118E2A63200D9C5BB /* CPTMutablePlotRange.h */,
				C1C538A218E2A63200D9C5BB /* CPTMutableShadow.h */,
				C1C538A318E2A63200D9C5BB /* CPTMutableTextStyle.h */,
				C1C538A418E2A63200D9C5BB /* CPTNumericData+TypeConversion.h */,
				C1C538A518E2A63200D9C5BB /* CPTNumericData.h */,
				C1C538A618E2A63200D9C5BB /* CPTNumericDataType.h */,
				C1C538A718E2A63200D9C5BB /* CPTPathExtensions.h */,
				C1C538A818E2A63200D9C5BB /* CPTPieChart.h */,
				C1C538A918E2A63200D9C5BB /* CPTPlatformSpecificCategories.h */,
				C1C538AA18E2A63200D9C5BB /* CPTPlatformSpecificDefines.h */,
				C1C538AB18E2A63200D9C5BB /* CPTPlatformSpecificFunctions.h */,
				C1C538AC18E2A63200D9C5BB /* CPTPlot.h */,
				C1C538AD18E2A63200D9C5BB /* CPTPlotArea.h */,
				C1C538AE18E2A63200D9C5BB /* CPTPlotAreaFrame.h */,
				C1C538AF18E2A63200D9C5BB /* CPTPlotGroup.h */,
				C1C538B018E2A63200D9C5BB /* CPTPlotRange.h */,
				C1C538B118E2A63200D9C5BB /* CPTPlotSpace.h */,
				C1C538B218E2A63200D9C5BB /* CPTPlotSpaceAnnotation.h */,
				C1C538B318E2A63200D9C5BB /* CPTPlotSymbol.h */,
				C1C538B418E2A63200D9C5BB /* CPTRangePlot.h */,
				C1C538B518E2A63200D9C5BB /* CPTResponder.h */,
				C1C538B618E2A63200D9C5BB /* CPTScatterPlot.h */,
				C1C538B718E2A63200D9C5BB /* CPTShadow.h */,
				C1C538B818E2A63200D9C5BB /* CPTTestCase.h */,
				C1C538B918E2A63200D9C5BB /* CPTTextLayer.h */,
				C1C538BA18E2A63200D9C5BB /* CPTTextStyle.h */,
				C1C538BB18E2A63200D9C5BB /* CPTTextStylePlatformSpecific.h */,
				C1C538BC18E2A63200D9C5BB /* CPTTheme.h */,
				C1C538BD18E2A63200D9C5BB /* CPTTimeFormatter.h */,
				C1C538BE18E2A63200D9C5BB /* CPTTradingRangePlot.h */,
				C1C538BF18E2A63200D9C5BB /* CPTUtilities.h */,
				C1C538C018E2A63200D9C5BB /* CPTXYAxis.h */,
				C1C538C118E2A63200D9C5BB /* CPTXYAxisSet.h */,
				C1C538C218E2A63200D9C5BB /* CPTXYGraph.h */,
				C1C538C318E2A63200D9C5BB /* CPTXYPlotSpace.h */,
				C1C538C418E2A63200D9C5BB /* mainpage.h */,
				C1C538C518E2A63200D9C5BB /* NSCoderExtensions.h */,
				C1C538C618E2A63200D9C5BB /* NSDecimalNumberExtensions.h */,
				C1C538C718E2A63200D9C5BB /* NSNumberExtensions.h */,
			);
			name = CorePlotHeaders;
			path = WYHabit/StaticLibrary/CorePlotHeaders;
			sourceTree = SOURCE_ROOT;
		};
		C1C538CA18E2AB2100D9C5BB /* MainContainer */ = {
			isa = PBXGroup;
			children = (
				C1C538CB18E2AB3700D9C5BB /* WYMainContainerViewController.h */,
				C1C538CC18E2AB3700D9C5BB /* WYMainContainerViewController.m */,
				C1845F3018E3E89F00BC2157 /* WYGoalInMainViewModel.h */,
				C1845F3118E3E89F00BC2157 /* WYGoalInMainViewModel.m */,
			);
			path = MainContainer;
			sourceTree = "<group>";
		};
		C1D0914F1894B48300FDBB72 = {
			isa = PBXGroup;
			children = (
				C1D091611894B48300FDBB72 /* WYHabit */,
				C1D0917A1894B48300FDBB72 /* WYHabitTests */,
				C1D0915A1894B48300FDBB72 /* Frameworks */,
				C1D091591894B48300FDBB72 /* Products */,
				95F914AD4C6B4CA6BB9E6389 /* Pods.xcconfig */,
			);
			sourceTree = "<group>";
		};
		C1D091591894B48300FDBB72 /* Products */ = {
			isa = PBXGroup;
			children = (
				C1D091581894B48300FDBB72 /* WYHabit.app */,
				C1D091731894B48300FDBB72 /* WYHabitTests.xctest */,
			);
			name = Products;
			sourceTree = "<group>";
		};
		C1D0915A1894B48300FDBB72 /* Frameworks */ = {
			isa = PBXGroup;
			children = (
				C1D0915B1894B48300FDBB72 /* Foundation.framework */,
				C1D0915D1894B48300FDBB72 /* CoreGraphics.framework */,
				C1D0915F1894B48300FDBB72 /* UIKit.framework */,
				C1D091741894B48300FDBB72 /* XCTest.framework */,
				3F643B27B7D8416EAB085933 /* libPods.a */,
			);
			name = Frameworks;
			sourceTree = "<group>";
		};
		C1D091611894B48300FDBB72 /* WYHabit */ = {
			isa = PBXGroup;
			children = (
				C154673B18E65EDB00AE0212 /* UIImage */,
				C1C5387818E2A61C00D9C5BB /* StaticLibrary */,
				C1BF7A2418B9BD3E00F7484C /* SourceCode */,
				C1D0916A1894B48300FDBB72 /* WYAppDelegate.h */,
				C1D0916B1894B48300FDBB72 /* WYAppDelegate.m */,
				C1D0916D1894B48300FDBB72 /* Images.xcassets */,
				C1D091621894B48300FDBB72 /* Supporting Files */,
			);
			path = WYHabit;
			sourceTree = "<group>";
		};
		C1D091621894B48300FDBB72 /* Supporting Files */ = {
			isa = PBXGroup;
			children = (
				C1D091631894B48300FDBB72 /* WYHabit-Info.plist */,
				C1D091641894B48300FDBB72 /* InfoPlist.strings */,
				C1D091671894B48300FDBB72 /* main.m */,
				C1D091691894B48300FDBB72 /* WYHabit-Prefix.pch */,
			);
			name = "Supporting Files";
			sourceTree = "<group>";
		};
		C1D0917A1894B48300FDBB72 /* WYHabitTests */ = {
			isa = PBXGroup;
			children = (
				C1D091801894B48300FDBB72 /* WYHabitTests.m */,
				C1D0917B1894B48300FDBB72 /* Supporting Files */,
			);
			path = WYHabitTests;
			sourceTree = "<group>";
		};
		C1D0917B1894B48300FDBB72 /* Supporting Files */ = {
			isa = PBXGroup;
			children = (
				C1D0917C1894B48300FDBB72 /* WYHabitTests-Info.plist */,
				C1D0917D1894B48300FDBB72 /* InfoPlist.strings */,
			);
			name = "Supporting Files";
			sourceTree = "<group>";
		};
/* End PBXGroup section */

/* Begin PBXNativeTarget section */
		C1D091571894B48300FDBB72 /* WYHabit */ = {
			isa = PBXNativeTarget;
			buildConfigurationList = C1D091841894B48300FDBB72 /* Build configuration list for PBXNativeTarget "WYHabit" */;
			buildPhases = (
				552DCDD6749E492499C73401 /* Check Pods Manifest.lock */,
				C1D091541894B48300FDBB72 /* Sources */,
				C1D091551894B48300FDBB72 /* Frameworks */,
				C1D091561894B48300FDBB72 /* Resources */,
				B69699AD2C354706970224E0 /* Copy Pods Resources */,
			);
			buildRules = (
			);
			dependencies = (
			);
			name = WYHabit;
			productName = WYHabit;
			productReference = C1D091581894B48300FDBB72 /* WYHabit.app */;
			productType = "com.apple.product-type.application";
		};
		C1D091721894B48300FDBB72 /* WYHabitTests */ = {
			isa = PBXNativeTarget;
			buildConfigurationList = C1D091871894B48300FDBB72 /* Build configuration list for PBXNativeTarget "WYHabitTests" */;
			buildPhases = (
				C1D0916F1894B48300FDBB72 /* Sources */,
				C1D091701894B48300FDBB72 /* Frameworks */,
				C1D091711894B48300FDBB72 /* Resources */,
			);
			buildRules = (
			);
			dependencies = (
				C1D091791894B48300FDBB72 /* PBXTargetDependency */,
			);
			name = WYHabitTests;
			productName = WYHabitTests;
			productReference = C1D091731894B48300FDBB72 /* WYHabitTests.xctest */;
			productType = "com.apple.product-type.bundle.unit-test";
		};
/* End PBXNativeTarget section */

/* Begin PBXProject section */
		C1D091501894B48300FDBB72 /* Project object */ = {
			isa = PBXProject;
			attributes = {
				CLASSPREFIX = WY;
				LastUpgradeCheck = 0500;
				ORGANIZATIONNAME = JiaruPrimer;
				TargetAttributes = {
					C1D091571894B48300FDBB72 = {
						DevelopmentTeam = VHJLLQ36QB;
					};
					C1D091721894B48300FDBB72 = {
						TestTargetID = C1D091571894B48300FDBB72;
					};
				};
			};
			buildConfigurationList = C1D091531894B48300FDBB72 /* Build configuration list for PBXProject "WYHabit" */;
			compatibilityVersion = "Xcode 3.2";
			developmentRegion = English;
			hasScannedForEncodings = 0;
			knownRegions = (
				en,
			);
			mainGroup = C1D0914F1894B48300FDBB72;
			productRefGroup = C1D091591894B48300FDBB72 /* Products */;
			projectDirPath = "";
			projectRoot = "";
			targets = (
				C1D091571894B48300FDBB72 /* WYHabit */,
				C1D091721894B48300FDBB72 /* WYHabitTests */,
			);
		};
/* End PBXProject section */

/* Begin PBXResourcesBuildPhase section */
		C1D091561894B48300FDBB72 /* Resources */ = {
			isa = PBXResourcesBuildPhase;
			buildActionMask = 2147483647;
			files = (
				C154E52A18E2F97C006F1F2D /* btn_grid_cell_selected@2x.png in Resources */,
				C154E51C18E2F97C006F1F2D /* bg_calendar_week_header@2x.png in Resources */,
				C154E52118E2F97C006F1F2D /* btn_choose_date_right_arrow_highlight@2x.png in Resources */,
				C154E53E18E2F97C006F1F2D /* ITTBaseCalendarViewFooterView.xib in Resources */,
				C154E52F18E2F97C006F1F2D /* btn_previous_month@2x.png in Resources */,
				C154673D18E65EF100AE0212 /* commit_button@2x.png in Resources */,
				C1850B8718E54ED8001D5A47 /* WYAllGoalDetailsViewController.xib in Resources */,
				C154E53118E2F97C006F1F2D /* btn_radio_check_box@2x.png in Resources */,
				C154E53618E2F97C006F1F2D /* ITTCalendarView.xib in Resources */,
				C154E53A18E2F97C006F1F2D /* ITTBaseCalendarDisableGridView.xib in Resources */,
				C154E52218E2F97C006F1F2D /* btn_choose_departure_date@2x.png in Resources */,
				C154E52D18E2F97C006F1F2D /* btn_next_month@2x.png in Resources */,
				C154E52918E2F97C006F1F2D /* btn_grid_cell_highlight@2x.png in Resources */,
				C1D091661894B48300FDBB72 /* InfoPlist.strings in Resources */,
				C154E52718E2F97C006F1F2D /* btn_grid@2x.png in Resources */,
				C154E52B18E2F97C006F1F2D /* btn_grid_highlight@2x.png in Resources */,
				C154E53C18E2F97C006F1F2D /* ITTBaseCalendarGridView.xib in Resources */,
				C154E52518E2F97C006F1F2D /* btn_close_date@2x.png in Resources */,
				C154E52E18E2F97C006F1F2D /* btn_next_month_highlight@2x.png in Resources */,
				C154E54018E2F97C006F1F2D /* ITTBaseCalendarViewHeaderView.xib in Resources */,
				C154E53018E2F97C006F1F2D /* btn_previous_month_highlight@2x.png in Resources */,
				C1D0916E1894B48300FDBB72 /* Images.xcassets in Resources */,
				C154E52418E2F97C006F1F2D /* btn_chose_date_highlight@2x.png in Resources */,
				C154E52618E2F97C006F1F2D /* btn_close_date_hihglight@2x.png in Resources */,
				C154E51A18E2F97C006F1F2D /* bg_calendar_footer@2x.png in Resources */,
				C154E51B18E2F97C006F1F2D /* bg_calendar_header@2x.png in Resources */,
				C154E51E18E2F97C006F1F2D /* btn_choose_date_left_arrow@2x.png in Resources */,
				C154E51D18E2F97C006F1F2D /* bg_grid@2x.png in Resources */,
				C154E52018E2F97C006F1F2D /* btn_choose_date_right_arrow@2x.png in Resources */,
				C102510618B9EE1B0036D44F /* WYGoalCommitViewController.xib in Resources */,
				C154E51918E2F97C006F1F2D /* bg_calendar@2x.png in Resources */,
				C154E52318E2F97C006F1F2D /* btn_chose_date@2x.png in Resources */,
				C154E53218E2F97C006F1F2D /* btn_radio_check_box_selected@2x.png in Resources */,
				C154E52818E2F97C006F1F2D /* btn_grid_cell@2x.png in Resources */,
				C154E52C18E2F97C006F1F2D /* btn_grid_selected@2x.png in Resources */,
				C154E51F18E2F97C006F1F2D /* btn_choose_date_left_arrow_highlight@2x.png in Resources */,
			);
			runOnlyForDeploymentPostprocessing = 0;
		};
		C1D091711894B48300FDBB72 /* Resources */ = {
			isa = PBXResourcesBuildPhase;
			buildActionMask = 2147483647;
			files = (
				C1D0917F1894B48300FDBB72 /* InfoPlist.strings in Resources */,
			);
			runOnlyForDeploymentPostprocessing = 0;
		};
/* End PBXResourcesBuildPhase section */

/* Begin PBXShellScriptBuildPhase section */
		552DCDD6749E492499C73401 /* Check Pods Manifest.lock */ = {
			isa = PBXShellScriptBuildPhase;
			buildActionMask = 2147483647;
			files = (
			);
			inputPaths = (
			);
			name = "Check Pods Manifest.lock";
			outputPaths = (
			);
			runOnlyForDeploymentPostprocessing = 0;
			shellPath = /bin/sh;
			shellScript = "diff \"${PODS_ROOT}/../Podfile.lock\" \"${PODS_ROOT}/Manifest.lock\" > /dev/null\nif [[ $? != 0 ]] ; then\n    cat << EOM\nerror: The sandbox is not in sync with the Podfile.lock. Run 'pod install' or update your CocoaPods installation.\nEOM\n    exit 1\nfi\n";
			showEnvVarsInLog = 0;
		};
		B69699AD2C354706970224E0 /* Copy Pods Resources */ = {
			isa = PBXShellScriptBuildPhase;
			buildActionMask = 2147483647;
			files = (
			);
			inputPaths = (
			);
			name = "Copy Pods Resources";
			outputPaths = (
			);
			runOnlyForDeploymentPostprocessing = 0;
			shellPath = /bin/sh;
			shellScript = "\"${SRCROOT}/Pods/Pods-resources.sh\"\n";
			showEnvVarsInLog = 0;
		};
/* End PBXShellScriptBuildPhase section */

/* Begin PBXSourcesBuildPhase section */
		C1D091541894B48300FDBB72 /* Sources */ = {
			isa = PBXSourcesBuildPhase;
			buildActionMask = 2147483647;
			files = (
				C102510518B9EE1B0036D44F /* WYGoalCommitViewController.m in Sources */,
				C1845F3A18E4192000BC2157 /* WYUIElementManager.m in Sources */,
				C1C5387718E2A58500D9C5BB /* WYMyGoalView.m in Sources */,
				C161DDB718BB87B70014A7F3 /* FMDatabase+Addition.m in Sources */,
				C1D0916C1894B48300FDBB72 /* WYAppDelegate.m in Sources */,
				C1D3AA9D18B9CB27007712E8 /* WYDataManager.m in Sources */,
				C154E53D18E2F97C006F1F2D /* ITTBaseCalendarViewFooterView.m in Sources */,
				C1845F2F18E3D4EA00BC2157 /* WYCommitLog.m in Sources */,
				C1C538CE18E2AB3700D9C5BB /* WYMainContainerViewController.m in Sources */,
				C154E53318E2F97C006F1F2D /* ITTCalendarGridView.m in Sources */,
				C154E53F18E2F97C006F1F2D /* ITTBaseCalendarViewHeaderView.m in Sources */,
				C154E53418E2F97C006F1F2D /* ITTCalendarScrollView.m in Sources */,
				C1D3AAA118B9D121007712E8 /* WYGoalTableHandler.m in Sources */,
				C1D091681894B48300FDBB72 /* main.m in Sources */,
				C154E53718E2F97C006F1F2D /* ITTCalendarViewFooterView.m in Sources */,
				C154673A18E5DE7100AE0212 /* WYToggleButton.m in Sources */,
				C1850B8A18E559D4001D5A47 /* WYGoalInDetailViewModel.m in Sources */,
				C1850B8618E54ED8001D5A47 /* WYAllGoalDetailsViewController.m in Sources */,
				C161DDB118BB854C0014A7F3 /* WYKeyValueTableHandler.m in Sources */,
				C154E54418E2F97C006F1F2D /* ITTCalMonth.m in Sources */,
				C16FE62218E447ED00DE50BC /* WYDate.m in Sources */,
				C154E54118E2F97C006F1F2D /* ITTBaseDataSourceImp.m in Sources */,
				C154E53518E2F97C006F1F2D /* ITTCalendarView.m in Sources */,
				C154E54218E2F97C006F1F2D /* CalendarDateUtil.m in Sources */,
				C154E54318E2F97C006F1F2D /* ITTCalDay.m in Sources */,
				C1BF7A2818B9C02300F7484C /* WYDatabase.m in Sources */,
				C161DDAE18BB81AD0014A7F3 /* WYGoal.m in Sources */,
				C154E53B18E2F97C006F1F2D /* ITTBaseCalendarGridView.m in Sources */,
				C154E53818E2F97C006F1F2D /* ITTCalendarViewHeaderView.m in Sources */,
				C1845F3218E3E89F00BC2157 /* WYGoalInMainViewModel.m in Sources */,
				C154E53918E2F97C006F1F2D /* ITTBaseCalendarDisableGridView.m in Sources */,
				C1D3AAA518B9DE02007712E8 /* WYTableHandler.m in Sources */,
				C1845F2C18E3D17700BC2157 /* WYCommitLogTableHandler.m in Sources */,
				C161DDB818BB87B70014A7F3 /* FMResultSet+Addition.m in Sources */,
				C161DDBB18BB8C890014A7F3 /* WYConfigManager.m in Sources */,
			);
			runOnlyForDeploymentPostprocessing = 0;
		};
		C1D0916F1894B48300FDBB72 /* Sources */ = {
			isa = PBXSourcesBuildPhase;
			buildActionMask = 2147483647;
			files = (
				C1D091811894B48300FDBB72 /* WYHabitTests.m in Sources */,
			);
			runOnlyForDeploymentPostprocessing = 0;
		};
/* End PBXSourcesBuildPhase section */

/* Begin PBXTargetDependency section */
		C1D091791894B48300FDBB72 /* PBXTargetDependency */ = {
			isa = PBXTargetDependency;
			target = C1D091571894B48300FDBB72 /* WYHabit */;
			targetProxy = C1D091781894B48300FDBB72 /* PBXContainerItemProxy */;
		};
/* End PBXTargetDependency section */

/* Begin PBXVariantGroup section */
		C1D091641894B48300FDBB72 /* InfoPlist.strings */ = {
			isa = PBXVariantGroup;
			children = (
				C1D091651894B48300FDBB72 /* en */,
			);
			name = InfoPlist.strings;
			sourceTree = "<group>";
		};
		C1D0917D1894B48300FDBB72 /* InfoPlist.strings */ = {
			isa = PBXVariantGroup;
			children = (
				C1D0917E1894B48300FDBB72 /* en */,
			);
			name = InfoPlist.strings;
			sourceTree = "<group>";
		};
/* End PBXVariantGroup section */

/* Begin XCBuildConfiguration section */
		C1D091821894B48300FDBB72 /* Debug */ = {
			isa = XCBuildConfiguration;
			buildSettings = {
				ALWAYS_SEARCH_USER_PATHS = NO;
				ARCHS = "$(ARCHS_STANDARD_INCLUDING_64_BIT)";
				CLANG_CXX_LANGUAGE_STANDARD = "gnu++0x";
				CLANG_CXX_LIBRARY = "libc++";
				CLANG_ENABLE_MODULES = YES;
				CLANG_ENABLE_OBJC_ARC = YES;
				CLANG_WARN_BOOL_CONVERSION = YES;
				CLANG_WARN_CONSTANT_CONVERSION = YES;
				CLANG_WARN_DIRECT_OBJC_ISA_USAGE = YES_ERROR;
				CLANG_WARN_EMPTY_BODY = YES;
				CLANG_WARN_ENUM_CONVERSION = YES;
				CLANG_WARN_INT_CONVERSION = YES;
				CLANG_WARN_OBJC_ROOT_CLASS = YES_ERROR;
				CLANG_WARN__DUPLICATE_METHOD_MATCH = YES;
				"CODE_SIGN_IDENTITY[sdk=iphoneos*]" = "iPhone Developer";
				COPY_PHASE_STRIP = NO;
				GCC_C_LANGUAGE_STANDARD = gnu99;
				GCC_DYNAMIC_NO_PIC = NO;
				GCC_OPTIMIZATION_LEVEL = 0;
				GCC_PREPROCESSOR_DEFINITIONS = (
					"DEBUG=1",
					"$(inherited)",
				);
				GCC_SYMBOLS_PRIVATE_EXTERN = NO;
				GCC_WARN_64_TO_32_BIT_CONVERSION = YES;
				GCC_WARN_ABOUT_RETURN_TYPE = YES_ERROR;
				GCC_WARN_UNDECLARED_SELECTOR = YES;
				GCC_WARN_UNINITIALIZED_AUTOS = YES;
				GCC_WARN_UNUSED_FUNCTION = YES;
				GCC_WARN_UNUSED_VARIABLE = YES;
				IPHONEOS_DEPLOYMENT_TARGET = 7.0;
				ONLY_ACTIVE_ARCH = YES;
				SDKROOT = iphoneos;
			};
			name = Debug;
		};
		C1D091831894B48300FDBB72 /* Release */ = {
			isa = XCBuildConfiguration;
			buildSettings = {
				ALWAYS_SEARCH_USER_PATHS = NO;
				ARCHS = "$(ARCHS_STANDARD_INCLUDING_64_BIT)";
				CLANG_CXX_LANGUAGE_STANDARD = "gnu++0x";
				CLANG_CXX_LIBRARY = "libc++";
				CLANG_ENABLE_MODULES = YES;
				CLANG_ENABLE_OBJC_ARC = YES;
				CLANG_WARN_BOOL_CONVERSION = YES;
				CLANG_WARN_CONSTANT_CONVERSION = YES;
				CLANG_WARN_DIRECT_OBJC_ISA_USAGE = YES_ERROR;
				CLANG_WARN_EMPTY_BODY = YES;
				CLANG_WARN_ENUM_CONVERSION = YES;
				CLANG_WARN_INT_CONVERSION = YES;
				CLANG_WARN_OBJC_ROOT_CLASS = YES_ERROR;
				CLANG_WARN__DUPLICATE_METHOD_MATCH = YES;
				"CODE_SIGN_IDENTITY[sdk=iphoneos*]" = "iPhone Developer";
				COPY_PHASE_STRIP = YES;
				ENABLE_NS_ASSERTIONS = NO;
				GCC_C_LANGUAGE_STANDARD = gnu99;
				GCC_WARN_64_TO_32_BIT_CONVERSION = YES;
				GCC_WARN_ABOUT_RETURN_TYPE = YES_ERROR;
				GCC_WARN_UNDECLARED_SELECTOR = YES;
				GCC_WARN_UNINITIALIZED_AUTOS = YES;
				GCC_WARN_UNUSED_FUNCTION = YES;
				GCC_WARN_UNUSED_VARIABLE = YES;
				IPHONEOS_DEPLOYMENT_TARGET = 7.0;
				SDKROOT = iphoneos;
				VALIDATE_PRODUCT = YES;
			};
			name = Release;
		};
		C1D091851894B48300FDBB72 /* Debug */ = {
			isa = XCBuildConfiguration;
			baseConfigurationReference = 95F914AD4C6B4CA6BB9E6389 /* Pods.xcconfig */;
			buildSettings = {
				ASSETCATALOG_COMPILER_APPICON_NAME = AppIcon;
				ASSETCATALOG_COMPILER_LAUNCHIMAGE_NAME = LaunchImage;
				CODE_SIGN_IDENTITY = "iPhone Developer: Deqing Liu (RP3THB3D74)";
				GCC_PRECOMPILE_PREFIX_HEADER = YES;
				GCC_PREFIX_HEADER = "WYHabit/WYHabit-Prefix.pch";
				INFOPLIST_FILE = "WYHabit/WYHabit-Info.plist";
				LIBRARY_SEARCH_PATHS = (
					"$(inherited)",
					"$(PROJECT_DIR)/WYHabit/StaticLibrary",
				);
				PRODUCT_NAME = "$(TARGET_NAME)";
				PROVISIONING_PROFILE = "D4D5FA26-87E6-4495-AE48-CE53FF7566D2";
				WRAPPER_EXTENSION = app;
			};
			name = Debug;
		};
		C1D091861894B48300FDBB72 /* Release */ = {
			isa = XCBuildConfiguration;
			baseConfigurationReference = 95F914AD4C6B4CA6BB9E6389 /* Pods.xcconfig */;
			buildSettings = {
				ASSETCATALOG_COMPILER_APPICON_NAME = AppIcon;
				ASSETCATALOG_COMPILER_LAUNCHIMAGE_NAME = LaunchImage;
				"CODE_SIGN_ENTITLEMENTS[sdk=*]" = "";
				CODE_SIGN_IDENTITY = "iPhone Developer";
				GCC_PRECOMPILE_PREFIX_HEADER = YES;
				GCC_PREFIX_HEADER = "WYHabit/WYHabit-Prefix.pch";
				INFOPLIST_FILE = "WYHabit/WYHabit-Info.plist";
				LIBRARY_SEARCH_PATHS = (
					"$(inherited)",
					"$(PROJECT_DIR)/WYHabit/StaticLibrary",
				);
				PRODUCT_NAME = "$(TARGET_NAME)";
				WRAPPER_EXTENSION = app;
			};
			name = Release;
		};
		C1D091881894B48300FDBB72 /* Debug */ = {
			isa = XCBuildConfiguration;
			buildSettings = {
				ARCHS = "$(ARCHS_STANDARD_INCLUDING_64_BIT)";
				BUNDLE_LOADER = "$(BUILT_PRODUCTS_DIR)/WYHabit.app/WYHabit";
				FRAMEWORK_SEARCH_PATHS = (
					"$(SDKROOT)/Developer/Library/Frameworks",
					"$(inherited)",
					"$(DEVELOPER_FRAMEWORKS_DIR)",
				);
				GCC_PRECOMPILE_PREFIX_HEADER = YES;
				GCC_PREFIX_HEADER = "WYHabit/WYHabit-Prefix.pch";
				GCC_PREPROCESSOR_DEFINITIONS = (
					"DEBUG=1",
					"$(inherited)",
				);
				INFOPLIST_FILE = "WYHabitTests/WYHabitTests-Info.plist";
				PRODUCT_NAME = "$(TARGET_NAME)";
				TEST_HOST = "$(BUNDLE_LOADER)";
				WRAPPER_EXTENSION = xctest;
			};
			name = Debug;
		};
		C1D091891894B48300FDBB72 /* Release */ = {
			isa = XCBuildConfiguration;
			buildSettings = {
				ARCHS = "$(ARCHS_STANDARD_INCLUDING_64_BIT)";
				BUNDLE_LOADER = "$(BUILT_PRODUCTS_DIR)/WYHabit.app/WYHabit";
				FRAMEWORK_SEARCH_PATHS = (
					"$(SDKROOT)/Developer/Library/Frameworks",
					"$(inherited)",
					"$(DEVELOPER_FRAMEWORKS_DIR)",
				);
				GCC_PRECOMPILE_PREFIX_HEADER = YES;
				GCC_PREFIX_HEADER = "WYHabit/WYHabit-Prefix.pch";
				INFOPLIST_FILE = "WYHabitTests/WYHabitTests-Info.plist";
				PRODUCT_NAME = "$(TARGET_NAME)";
				TEST_HOST = "$(BUNDLE_LOADER)";
				WRAPPER_EXTENSION = xctest;
			};
			name = Release;
		};
/* End XCBuildConfiguration section */

/* Begin XCConfigurationList section */
		C1D091531894B48300FDBB72 /* Build configuration list for PBXProject "WYHabit" */ = {
			isa = XCConfigurationList;
			buildConfigurations = (
				C1D091821894B48300FDBB72 /* Debug */,
				C1D091831894B48300FDBB72 /* Release */,
			);
			defaultConfigurationIsVisible = 0;
			defaultConfigurationName = Release;
		};
		C1D091841894B48300FDBB72 /* Build configuration list for PBXNativeTarget "WYHabit" */ = {
			isa = XCConfigurationList;
			buildConfigurations = (
				C1D091851894B48300FDBB72 /* Debug */,
				C1D091861894B48300FDBB72 /* Release */,
			);
			defaultConfigurationIsVisible = 0;
			defaultConfigurationName = Release;
		};
		C1D091871894B48300FDBB72 /* Build configuration list for PBXNativeTarget "WYHabitTests" */ = {
			isa = XCConfigurationList;
			buildConfigurations = (
				C1D091881894B48300FDBB72 /* Debug */,
				C1D091891894B48300FDBB72 /* Release */,
			);
			defaultConfigurationIsVisible = 0;
			defaultConfigurationName = Release;
		};
/* End XCConfigurationList section */
	};
	rootObject = C1D091501894B48300FDBB72 /* Project object */;
}
