// !$*UTF8*$!
{
	archiveVersion = 1;
	classes = {
	};
	objectVersion = 46;
	objects = {

/* Begin PBXBuildFile section */
		C102510518B9EE1B0036D44F /* WYGoalCommitViewController.m in Sources */ = {isa = PBXBuildFile; fileRef = C102510318B9EE1B0036D44F /* WYGoalCommitViewController.m */; };
		C102510618B9EE1B0036D44F /* WYGoalCommitViewController.xib in Resources */ = {isa = PBXBuildFile; fileRef = C102510418B9EE1B0036D44F /* WYGoalCommitViewController.xib */; };
		C1AB4ECC18B9FCBF002F3A3E /* WYMyGoalViewController.m in Sources */ = {isa = PBXBuildFile; fileRef = C1AB4ECB18B9FCBF002F3A3E /* WYMyGoalViewController.m */; };
		C1BF7A2818B9C02300F7484C /* WYDatabase.m in Sources */ = {isa = PBXBuildFile; fileRef = C1BF7A2718B9C02300F7484C /* WYDatabase.m */; };
		C1D0915C1894B48300FDBB72 /* Foundation.framework in Frameworks */ = {isa = PBXBuildFile; fileRef = C1D0915B1894B48300FDBB72 /* Foundation.framework */; };
		C1D0915E1894B48300FDBB72 /* CoreGraphics.framework in Frameworks */ = {isa = PBXBuildFile; fileRef = C1D0915D1894B48300FDBB72 /* CoreGraphics.framework */; };
		C1D091601894B48300FDBB72 /* UIKit.framework in Frameworks */ = {isa = PBXBuildFile; fileRef = C1D0915F1894B48300FDBB72 /* UIKit.framework */; };
		C1D091661894B48300FDBB72 /* InfoPlist.strings in Resources */ = {isa = PBXBuildFile; fileRef = C1D091641894B48300FDBB72 /* InfoPlist.strings */; };
		C1D091681894B48300FDBB72 /* main.m in Sources */ = {isa = PBXBuildFile; fileRef = C1D091671894B48300FDBB72 /* main.m */; };
		C1D0916C1894B48300FDBB72 /* WYAppDelegate.m in Sources */ = {isa = PBXBuildFile; fileRef = C1D0916B1894B48300FDBB72 /* WYAppDelegate.m */; };
		C1D0916E1894B48300FDBB72 /* Images.xcassets in Resources */ = {isa = PBXBuildFile; fileRef = C1D0916D1894B48300FDBB72 /* Images.xcassets */; };
		C1D091751894B48300FDBB72 /* XCTest.framework in Frameworks */ = {isa = PBXBuildFile; fileRef = C1D091741894B48300FDBB72 /* XCTest.framework */; };
		C1D091761894B48300FDBB72 /* Foundation.framework in Frameworks */ = {isa = PBXBuildFile; fileRef = C1D0915B1894B48300FDBB72 /* Foundation.framework */; };
		C1D091771894B48300FDBB72 /* UIKit.framework in Frameworks */ = {isa = PBXBuildFile; fileRef = C1D0915F1894B48300FDBB72 /* UIKit.framework */; };
		C1D0917F1894B48300FDBB72 /* InfoPlist.strings in Resources */ = {isa = PBXBuildFile; fileRef = C1D0917D1894B48300FDBB72 /* InfoPlist.strings */; };
		C1D091811894B48300FDBB72 /* WYHabitTests.m in Sources */ = {isa = PBXBuildFile; fileRef = C1D091801894B48300FDBB72 /* WYHabitTests.m */; };
		C1D3AA9D18B9CB27007712E8 /* WYDataManager.m in Sources */ = {isa = PBXBuildFile; fileRef = C1D3AA9C18B9CB27007712E8 /* WYDataManager.m */; };
		C1D3AAA118B9D121007712E8 /* WYGoalTableHandler.m in Sources */ = {isa = PBXBuildFile; fileRef = C1D3AAA018B9D121007712E8 /* WYGoalTableHandler.m */; };
		C1D3AAA518B9DE02007712E8 /* WYTableHandler.m in Sources */ = {isa = PBXBuildFile; fileRef = C1D3AAA418B9DE02007712E8 /* WYTableHandler.m */; };
		F894A2CE631F4203BECC0EAD /* libPods.a in Frameworks */ = {isa = PBXBuildFile; fileRef = 3F643B27B7D8416EAB085933 /* libPods.a */; };
/* End PBXBuildFile section */

/* Begin PBXContainerItemProxy section */
		C1D091781894B48300FDBB72 /* PBXContainerItemProxy */ = {
			isa = PBXContainerItemProxy;
			containerPortal = C1D091501894B48300FDBB72 /* Project object */;
			proxyType = 1;
			remoteGlobalIDString = C1D091571894B48300FDBB72;
			remoteInfo = WYHabit;
		};
/* End PBXContainerItemProxy section */

/* Begin PBXFileReference section */
		3F643B27B7D8416EAB085933 /* libPods.a */ = {isa = PBXFileReference; explicitFileType = archive.ar; includeInIndex = 0; path = libPods.a; sourceTree = BUILT_PRODUCTS_DIR; };
		95F914AD4C6B4CA6BB9E6389 /* Pods.xcconfig */ = {isa = PBXFileReference; includeInIndex = 1; lastKnownFileType = text.xcconfig; name = Pods.xcconfig; path = Pods/Pods.xcconfig; sourceTree = "<group>"; };
		C102510218B9EE1B0036D44F /* WYGoalCommitViewController.h */ = {isa = PBXFileReference; fileEncoding = 4; lastKnownFileType = sourcecode.c.h; path = WYGoalCommitViewController.h; sourceTree = "<group>"; };
		C102510318B9EE1B0036D44F /* WYGoalCommitViewController.m */ = {isa = PBXFileReference; fileEncoding = 4; lastKnownFileType = sourcecode.c.objc; path = WYGoalCommitViewController.m; sourceTree = "<group>"; };
		C102510418B9EE1B0036D44F /* WYGoalCommitViewController.xib */ = {isa = PBXFileReference; fileEncoding = 4; lastKnownFileType = file.xib; path = WYGoalCommitViewController.xib; sourceTree = "<group>"; };
		C1AB4ECA18B9FCBF002F3A3E /* WYMyGoalViewController.h */ = {isa = PBXFileReference; fileEncoding = 4; lastKnownFileType = sourcecode.c.h; path = WYMyGoalViewController.h; sourceTree = "<group>"; };
		C1AB4ECB18B9FCBF002F3A3E /* WYMyGoalViewController.m */ = {isa = PBXFileReference; fileEncoding = 4; lastKnownFileType = sourcecode.c.objc; path = WYMyGoalViewController.m; sourceTree = "<group>"; };
		C1AB4ECD18B9FF37002F3A3E /* WYUIContants.h */ = {isa = PBXFileReference; fileEncoding = 4; lastKnownFileType = sourcecode.c.h; path = WYUIContants.h; sourceTree = "<group>"; };
		C1BF7A2618B9C02300F7484C /* WYDatabase.h */ = {isa = PBXFileReference; fileEncoding = 4; lastKnownFileType = sourcecode.c.h; path = WYDatabase.h; sourceTree = "<group>"; };
		C1BF7A2718B9C02300F7484C /* WYDatabase.m */ = {isa = PBXFileReference; fileEncoding = 4; lastKnownFileType = sourcecode.c.objc; path = WYDatabase.m; sourceTree = "<group>"; };
		C1D091581894B48300FDBB72 /* WYHabit.app */ = {isa = PBXFileReference; explicitFileType = wrapper.application; includeInIndex = 0; path = WYHabit.app; sourceTree = BUILT_PRODUCTS_DIR; };
		C1D0915B1894B48300FDBB72 /* Foundation.framework */ = {isa = PBXFileReference; lastKnownFileType = wrapper.framework; name = Foundation.framework; path = System/Library/Frameworks/Foundation.framework; sourceTree = SDKROOT; };
		C1D0915D1894B48300FDBB72 /* CoreGraphics.framework */ = {isa = PBXFileReference; lastKnownFileType = wrapper.framework; name = CoreGraphics.framework; path = System/Library/Frameworks/CoreGraphics.framework; sourceTree = SDKROOT; };
		C1D0915F1894B48300FDBB72 /* UIKit.framework */ = {isa = PBXFileReference; lastKnownFileType = wrapper.framework; name = UIKit.framework; path = System/Library/Frameworks/UIKit.framework; sourceTree = SDKROOT; };
		C1D091631894B48300FDBB72 /* WYHabit-Info.plist */ = {isa = PBXFileReference; lastKnownFileType = text.plist.xml; path = "WYHabit-Info.plist"; sourceTree = "<group>"; };
		C1D091651894B48300FDBB72 /* en */ = {isa = PBXFileReference; lastKnownFileType = text.plist.strings; name = en; path = en.lproj/InfoPlist.strings; sourceTree = "<group>"; };
		C1D091671894B48300FDBB72 /* main.m */ = {isa = PBXFileReference; lastKnownFileType = sourcecode.c.objc; path = main.m; sourceTree = "<group>"; };
		C1D091691894B48300FDBB72 /* WYHabit-Prefix.pch */ = {isa = PBXFileReference; lastKnownFileType = sourcecode.c.h; path = "WYHabit-Prefix.pch"; sourceTree = "<group>"; };
		C1D0916A1894B48300FDBB72 /* WYAppDelegate.h */ = {isa = PBXFileReference; lastKnownFileType = sourcecode.c.h; path = WYAppDelegate.h; sourceTree = "<group>"; };
		C1D0916B1894B48300FDBB72 /* WYAppDelegate.m */ = {isa = PBXFileReference; lastKnownFileType = sourcecode.c.objc; path = WYAppDelegate.m; sourceTree = "<group>"; };
		C1D0916D1894B48300FDBB72 /* Images.xcassets */ = {isa = PBXFileReference; lastKnownFileType = folder.assetcatalog; path = Images.xcassets; sourceTree = "<group>"; };
		C1D091731894B48300FDBB72 /* WYHabitTests.xctest */ = {isa = PBXFileReference; explicitFileType = wrapper.cfbundle; includeInIndex = 0; path = WYHabitTests.xctest; sourceTree = BUILT_PRODUCTS_DIR; };
		C1D091741894B48300FDBB72 /* XCTest.framework */ = {isa = PBXFileReference; lastKnownFileType = wrapper.framework; name = XCTest.framework; path = Library/Frameworks/XCTest.framework; sourceTree = DEVELOPER_DIR; };
		C1D0917C1894B48300FDBB72 /* WYHabitTests-Info.plist */ = {isa = PBXFileReference; lastKnownFileType = text.plist.xml; path = "WYHabitTests-Info.plist"; sourceTree = "<group>"; };
		C1D0917E1894B48300FDBB72 /* en */ = {isa = PBXFileReference; lastKnownFileType = text.plist.strings; name = en; path = en.lproj/InfoPlist.strings; sourceTree = "<group>"; };
		C1D091801894B48300FDBB72 /* WYHabitTests.m */ = {isa = PBXFileReference; lastKnownFileType = sourcecode.c.objc; path = WYHabitTests.m; sourceTree = "<group>"; };
		C1D3AA9B18B9CB27007712E8 /* WYDataManager.h */ = {isa = PBXFileReference; fileEncoding = 4; lastKnownFileType = sourcecode.c.h; path = WYDataManager.h; sourceTree = "<group>"; };
		C1D3AA9C18B9CB27007712E8 /* WYDataManager.m */ = {isa = PBXFileReference; fileEncoding = 4; lastKnownFileType = sourcecode.c.objc; path = WYDataManager.m; sourceTree = "<group>"; };
		C1D3AA9E18B9CB41007712E8 /* WYConstants.h */ = {isa = PBXFileReference; lastKnownFileType = sourcecode.c.h; path = WYConstants.h; sourceTree = "<group>"; };
		C1D3AA9F18B9D121007712E8 /* WYGoalTableHandler.h */ = {isa = PBXFileReference; fileEncoding = 4; lastKnownFileType = sourcecode.c.h; path = WYGoalTableHandler.h; sourceTree = "<group>"; };
		C1D3AAA018B9D121007712E8 /* WYGoalTableHandler.m */ = {isa = PBXFileReference; fileEncoding = 4; lastKnownFileType = sourcecode.c.objc; path = WYGoalTableHandler.m; sourceTree = "<group>"; };
		C1D3AAA318B9DE02007712E8 /* WYTableHandler.h */ = {isa = PBXFileReference; fileEncoding = 4; lastKnownFileType = sourcecode.c.h; path = WYTableHandler.h; sourceTree = "<group>"; };
		C1D3AAA418B9DE02007712E8 /* WYTableHandler.m */ = {isa = PBXFileReference; fileEncoding = 4; lastKnownFileType = sourcecode.c.objc; path = WYTableHandler.m; sourceTree = "<group>"; };
/* End PBXFileReference section */

/* Begin PBXFrameworksBuildPhase section */
		C1D091551894B48300FDBB72 /* Frameworks */ = {
			isa = PBXFrameworksBuildPhase;
			buildActionMask = 2147483647;
			files = (
				C1D0915E1894B48300FDBB72 /* CoreGraphics.framework in Frameworks */,
				C1D091601894B48300FDBB72 /* UIKit.framework in Frameworks */,
				C1D0915C1894B48300FDBB72 /* Foundation.framework in Frameworks */,
				F894A2CE631F4203BECC0EAD /* libPods.a in Frameworks */,
			);
			runOnlyForDeploymentPostprocessing = 0;
		};
		C1D091701894B48300FDBB72 /* Frameworks */ = {
			isa = PBXFrameworksBuildPhase;
			buildActionMask = 2147483647;
			files = (
				C1D091751894B48300FDBB72 /* XCTest.framework in Frameworks */,
				C1D091771894B48300FDBB72 /* UIKit.framework in Frameworks */,
				C1D091761894B48300FDBB72 /* Foundation.framework in Frameworks */,
			);
			runOnlyForDeploymentPostprocessing = 0;
		};
/* End PBXFrameworksBuildPhase section */

/* Begin PBXGroup section */
		C102510118B9EC9C0036D44F /* GoalCommit */ = {
			isa = PBXGroup;
			children = (
				C102510218B9EE1B0036D44F /* WYGoalCommitViewController.h */,
				C102510318B9EE1B0036D44F /* WYGoalCommitViewController.m */,
				C102510418B9EE1B0036D44F /* WYGoalCommitViewController.xib */,
				C1AB4ECA18B9FCBF002F3A3E /* WYMyGoalViewController.h */,
				C1AB4ECB18B9FCBF002F3A3E /* WYMyGoalViewController.m */,
			);
			path = GoalCommit;
			sourceTree = "<group>";
		};
		C1BF7A2218B9BCF700F7484C /* UIImage */ = {
			isa = PBXGroup;
			children = (
			);
			path = UIImage;
			sourceTree = "<group>";
		};
		C1BF7A2418B9BD3E00F7484C /* SourceCode */ = {
			isa = PBXGroup;
			children = (
				C102510118B9EC9C0036D44F /* GoalCommit */,
				C1BF7A2518B9BD6B00F7484C /* Common */,
			);
			path = SourceCode;
			sourceTree = "<group>";
		};
		C1BF7A2518B9BD6B00F7484C /* Common */ = {
			isa = PBXGroup;
			children = (
				C1BF7A2618B9C02300F7484C /* WYDatabase.h */,
				C1BF7A2718B9C02300F7484C /* WYDatabase.m */,
				C1D3AA9B18B9CB27007712E8 /* WYDataManager.h */,
				C1D3AA9C18B9CB27007712E8 /* WYDataManager.m */,
				C1D3AA9E18B9CB41007712E8 /* WYConstants.h */,
				C1D3AA9F18B9D121007712E8 /* WYGoalTableHandler.h */,
				C1D3AAA018B9D121007712E8 /* WYGoalTableHandler.m */,
				C1D3AAA318B9DE02007712E8 /* WYTableHandler.h */,
				C1D3AAA418B9DE02007712E8 /* WYTableHandler.m */,
				C1AB4ECD18B9FF37002F3A3E /* WYUIContants.h */,
			);
			path = Common;
			sourceTree = "<group>";
		};
		C1D0914F1894B48300FDBB72 = {
			isa = PBXGroup;
			children = (
				C1D091611894B48300FDBB72 /* WYHabit */,
				C1D0917A1894B48300FDBB72 /* WYHabitTests */,
				C1D0915A1894B48300FDBB72 /* Frameworks */,
				C1D091591894B48300FDBB72 /* Products */,
				95F914AD4C6B4CA6BB9E6389 /* Pods.xcconfig */,
			);
			sourceTree = "<group>";
		};
		C1D091591894B48300FDBB72 /* Products */ = {
			isa = PBXGroup;
			children = (
				C1D091581894B48300FDBB72 /* WYHabit.app */,
				C1D091731894B48300FDBB72 /* WYHabitTests.xctest */,
			);
			name = Products;
			sourceTree = "<group>";
		};
		C1D0915A1894B48300FDBB72 /* Frameworks */ = {
			isa = PBXGroup;
			children = (
				C1D0915B1894B48300FDBB72 /* Foundation.framework */,
				C1D0915D1894B48300FDBB72 /* CoreGraphics.framework */,
				C1D0915F1894B48300FDBB72 /* UIKit.framework */,
				C1D091741894B48300FDBB72 /* XCTest.framework */,
				3F643B27B7D8416EAB085933 /* libPods.a */,
			);
			name = Frameworks;
			sourceTree = "<group>";
		};
		C1D091611894B48300FDBB72 /* WYHabit */ = {
			isa = PBXGroup;
			children = (
				C1BF7A2418B9BD3E00F7484C /* SourceCode */,
				C1D0916A1894B48300FDBB72 /* WYAppDelegate.h */,
				C1D0916B1894B48300FDBB72 /* WYAppDelegate.m */,
				C1D0916D1894B48300FDBB72 /* Images.xcassets */,
				C1BF7A2218B9BCF700F7484C /* UIImage */,
				C1D091621894B48300FDBB72 /* Supporting Files */,
			);
			path = WYHabit;
			sourceTree = "<group>";
		};
		C1D091621894B48300FDBB72 /* Supporting Files */ = {
			isa = PBXGroup;
			children = (
				C1D091631894B48300FDBB72 /* WYHabit-Info.plist */,
				C1D091641894B48300FDBB72 /* InfoPlist.strings */,
				C1D091671894B48300FDBB72 /* main.m */,
				C1D091691894B48300FDBB72 /* WYHabit-Prefix.pch */,
			);
			name = "Supporting Files";
			sourceTree = "<group>";
		};
		C1D0917A1894B48300FDBB72 /* WYHabitTests */ = {
			isa = PBXGroup;
			children = (
				C1D091801894B48300FDBB72 /* WYHabitTests.m */,
				C1D0917B1894B48300FDBB72 /* Supporting Files */,
			);
			path = WYHabitTests;
			sourceTree = "<group>";
		};
		C1D0917B1894B48300FDBB72 /* Supporting Files */ = {
			isa = PBXGroup;
			children = (
				C1D0917C1894B48300FDBB72 /* WYHabitTests-Info.plist */,
				C1D0917D1894B48300FDBB72 /* InfoPlist.strings */,
			);
			name = "Supporting Files";
			sourceTree = "<group>";
		};
/* End PBXGroup section */

/* Begin PBXNativeTarget section */
		C1D091571894B48300FDBB72 /* WYHabit */ = {
			isa = PBXNativeTarget;
			buildConfigurationList = C1D091841894B48300FDBB72 /* Build configuration list for PBXNativeTarget "WYHabit" */;
			buildPhases = (
				552DCDD6749E492499C73401 /* Check Pods Manifest.lock */,
				C1D091541894B48300FDBB72 /* Sources */,
				C1D091551894B48300FDBB72 /* Frameworks */,
				C1D091561894B48300FDBB72 /* Resources */,
				B69699AD2C354706970224E0 /* Copy Pods Resources */,
			);
			buildRules = (
			);
			dependencies = (
			);
			name = WYHabit;
			productName = WYHabit;
			productReference = C1D091581894B48300FDBB72 /* WYHabit.app */;
			productType = "com.apple.product-type.application";
		};
		C1D091721894B48300FDBB72 /* WYHabitTests */ = {
			isa = PBXNativeTarget;
			buildConfigurationList = C1D091871894B48300FDBB72 /* Build configuration list for PBXNativeTarget "WYHabitTests" */;
			buildPhases = (
				C1D0916F1894B48300FDBB72 /* Sources */,
				C1D091701894B48300FDBB72 /* Frameworks */,
				C1D091711894B48300FDBB72 /* Resources */,
			);
			buildRules = (
			);
			dependencies = (
				C1D091791894B48300FDBB72 /* PBXTargetDependency */,
			);
			name = WYHabitTests;
			productName = WYHabitTests;
			productReference = C1D091731894B48300FDBB72 /* WYHabitTests.xctest */;
			productType = "com.apple.product-type.bundle.unit-test";
		};
/* End PBXNativeTarget section */

/* Begin PBXProject section */
		C1D091501894B48300FDBB72 /* Project object */ = {
			isa = PBXProject;
			attributes = {
				CLASSPREFIX = WY;
				LastUpgradeCheck = 0500;
				ORGANIZATIONNAME = JiaruPrimer;
				TargetAttributes = {
					C1D091721894B48300FDBB72 = {
						TestTargetID = C1D091571894B48300FDBB72;
					};
				};
			};
			buildConfigurationList = C1D091531894B48300FDBB72 /* Build configuration list for PBXProject "WYHabit" */;
			compatibilityVersion = "Xcode 3.2";
			developmentRegion = English;
			hasScannedForEncodings = 0;
			knownRegions = (
				en,
			);
			mainGroup = C1D0914F1894B48300FDBB72;
			productRefGroup = C1D091591894B48300FDBB72 /* Products */;
			projectDirPath = "";
			projectRoot = "";
			targets = (
				C1D091571894B48300FDBB72 /* WYHabit */,
				C1D091721894B48300FDBB72 /* WYHabitTests */,
			);
		};
/* End PBXProject section */

/* Begin PBXResourcesBuildPhase section */
		C1D091561894B48300FDBB72 /* Resources */ = {
			isa = PBXResourcesBuildPhase;
			buildActionMask = 2147483647;
			files = (
				C1D091661894B48300FDBB72 /* InfoPlist.strings in Resources */,
				C1D0916E1894B48300FDBB72 /* Images.xcassets in Resources */,
				C102510618B9EE1B0036D44F /* WYGoalCommitViewController.xib in Resources */,
			);
			runOnlyForDeploymentPostprocessing = 0;
		};
		C1D091711894B48300FDBB72 /* Resources */ = {
			isa = PBXResourcesBuildPhase;
			buildActionMask = 2147483647;
			files = (
				C1D0917F1894B48300FDBB72 /* InfoPlist.strings in Resources */,
			);
			runOnlyForDeploymentPostprocessing = 0;
		};
/* End PBXResourcesBuildPhase section */

/* Begin PBXShellScriptBuildPhase section */
		552DCDD6749E492499C73401 /* Check Pods Manifest.lock */ = {
			isa = PBXShellScriptBuildPhase;
			buildActionMask = 2147483647;
			files = (
			);
			inputPaths = (
			);
			name = "Check Pods Manifest.lock";
			outputPaths = (
			);
			runOnlyForDeploymentPostprocessing = 0;
			shellPath = /bin/sh;
			shellScript = "diff \"${PODS_ROOT}/../Podfile.lock\" \"${PODS_ROOT}/Manifest.lock\" > /dev/null\nif [[ $? != 0 ]] ; then\n    cat << EOM\nerror: The sandbox is not in sync with the Podfile.lock. Run 'pod install' or update your CocoaPods installation.\nEOM\n    exit 1\nfi\n";
			showEnvVarsInLog = 0;
		};
		B69699AD2C354706970224E0 /* Copy Pods Resources */ = {
			isa = PBXShellScriptBuildPhase;
			buildActionMask = 2147483647;
			files = (
			);
			inputPaths = (
			);
			name = "Copy Pods Resources";
			outputPaths = (
			);
			runOnlyForDeploymentPostprocessing = 0;
			shellPath = /bin/sh;
			shellScript = "\"${SRCROOT}/Pods/Pods-resources.sh\"\n";
			showEnvVarsInLog = 0;
		};
/* End PBXShellScriptBuildPhase section */

/* Begin PBXSourcesBuildPhase section */
		C1D091541894B48300FDBB72 /* Sources */ = {
			isa = PBXSourcesBuildPhase;
			buildActionMask = 2147483647;
			files = (
				C102510518B9EE1B0036D44F /* WYGoalCommitViewController.m in Sources */,
				C1D0916C1894B48300FDBB72 /* WYAppDelegate.m in Sources */,
				C1D3AA9D18B9CB27007712E8 /* WYDataManager.m in Sources */,
				C1AB4ECC18B9FCBF002F3A3E /* WYMyGoalViewController.m in Sources */,
				C1D3AAA118B9D121007712E8 /* WYGoalTableHandler.m in Sources */,
				C1D091681894B48300FDBB72 /* main.m in Sources */,
				C1BF7A2818B9C02300F7484C /* WYDatabase.m in Sources */,
				C1D3AAA518B9DE02007712E8 /* WYTableHandler.m in Sources */,
			);
			runOnlyForDeploymentPostprocessing = 0;
		};
		C1D0916F1894B48300FDBB72 /* Sources */ = {
			isa = PBXSourcesBuildPhase;
			buildActionMask = 2147483647;
			files = (
				C1D091811894B48300FDBB72 /* WYHabitTests.m in Sources */,
			);
			runOnlyForDeploymentPostprocessing = 0;
		};
/* End PBXSourcesBuildPhase section */

/* Begin PBXTargetDependency section */
		C1D091791894B48300FDBB72 /* PBXTargetDependency */ = {
			isa = PBXTargetDependency;
			target = C1D091571894B48300FDBB72 /* WYHabit */;
			targetProxy = C1D091781894B48300FDBB72 /* PBXContainerItemProxy */;
		};
/* End PBXTargetDependency section */

/* Begin PBXVariantGroup section */
		C1D091641894B48300FDBB72 /* InfoPlist.strings */ = {
			isa = PBXVariantGroup;
			children = (
				C1D091651894B48300FDBB72 /* en */,
			);
			name = InfoPlist.strings;
			sourceTree = "<group>";
		};
		C1D0917D1894B48300FDBB72 /* InfoPlist.strings */ = {
			isa = PBXVariantGroup;
			children = (
				C1D0917E1894B48300FDBB72 /* en */,
			);
			name = InfoPlist.strings;
			sourceTree = "<group>";
		};
/* End PBXVariantGroup section */

/* Begin XCBuildConfiguration section */
		C1D091821894B48300FDBB72 /* Debug */ = {
			isa = XCBuildConfiguration;
			buildSettings = {
				ALWAYS_SEARCH_USER_PATHS = NO;
				ARCHS = "$(ARCHS_STANDARD_INCLUDING_64_BIT)";
				CLANG_CXX_LANGUAGE_STANDARD = "gnu++0x";
				CLANG_CXX_LIBRARY = "libc++";
				CLANG_ENABLE_MODULES = YES;
				CLANG_ENABLE_OBJC_ARC = YES;
				CLANG_WARN_BOOL_CONVERSION = YES;
				CLANG_WARN_CONSTANT_CONVERSION = YES;
				CLANG_WARN_DIRECT_OBJC_ISA_USAGE = YES_ERROR;
				CLANG_WARN_EMPTY_BODY = YES;
				CLANG_WARN_ENUM_CONVERSION = YES;
				CLANG_WARN_INT_CONVERSION = YES;
				CLANG_WARN_OBJC_ROOT_CLASS = YES_ERROR;
				CLANG_WARN__DUPLICATE_METHOD_MATCH = YES;
				"CODE_SIGN_IDENTITY[sdk=iphoneos*]" = "iPhone Developer";
				COPY_PHASE_STRIP = NO;
				GCC_C_LANGUAGE_STANDARD = gnu99;
				GCC_DYNAMIC_NO_PIC = NO;
				GCC_OPTIMIZATION_LEVEL = 0;
				GCC_PREPROCESSOR_DEFINITIONS = (
					"DEBUG=1",
					"$(inherited)",
				);
				GCC_SYMBOLS_PRIVATE_EXTERN = NO;
				GCC_WARN_64_TO_32_BIT_CONVERSION = YES;
				GCC_WARN_ABOUT_RETURN_TYPE = YES_ERROR;
				GCC_WARN_UNDECLARED_SELECTOR = YES;
				GCC_WARN_UNINITIALIZED_AUTOS = YES;
				GCC_WARN_UNUSED_FUNCTION = YES;
				GCC_WARN_UNUSED_VARIABLE = YES;
				IPHONEOS_DEPLOYMENT_TARGET = 7.0;
				ONLY_ACTIVE_ARCH = YES;
				SDKROOT = iphoneos;
			};
			name = Debug;
		};
		C1D091831894B48300FDBB72 /* Release */ = {
			isa = XCBuildConfiguration;
			buildSettings = {
				ALWAYS_SEARCH_USER_PATHS = NO;
				ARCHS = "$(ARCHS_STANDARD_INCLUDING_64_BIT)";
				CLANG_CXX_LANGUAGE_STANDARD = "gnu++0x";
				CLANG_CXX_LIBRARY = "libc++";
				CLANG_ENABLE_MODULES = YES;
				CLANG_ENABLE_OBJC_ARC = YES;
				CLANG_WARN_BOOL_CONVERSION = YES;
				CLANG_WARN_CONSTANT_CONVERSION = YES;
				CLANG_WARN_DIRECT_OBJC_ISA_USAGE = YES_ERROR;
				CLANG_WARN_EMPTY_BODY = YES;
				CLANG_WARN_ENUM_CONVERSION = YES;
				CLANG_WARN_INT_CONVERSION = YES;
				CLANG_WARN_OBJC_ROOT_CLASS = YES_ERROR;
				CLANG_WARN__DUPLICATE_METHOD_MATCH = YES;
				"CODE_SIGN_IDENTITY[sdk=iphoneos*]" = "iPhone Developer";
				COPY_PHASE_STRIP = YES;
				ENABLE_NS_ASSERTIONS = NO;
				GCC_C_LANGUAGE_STANDARD = gnu99;
				GCC_WARN_64_TO_32_BIT_CONVERSION = YES;
				GCC_WARN_ABOUT_RETURN_TYPE = YES_ERROR;
				GCC_WARN_UNDECLARED_SELECTOR = YES;
				GCC_WARN_UNINITIALIZED_AUTOS = YES;
				GCC_WARN_UNUSED_FUNCTION = YES;
				GCC_WARN_UNUSED_VARIABLE = YES;
				IPHONEOS_DEPLOYMENT_TARGET = 7.0;
				SDKROOT = iphoneos;
				VALIDATE_PRODUCT = YES;
			};
			name = Release;
		};
		C1D091851894B48300FDBB72 /* Debug */ = {
			isa = XCBuildConfiguration;
			baseConfigurationReference = 95F914AD4C6B4CA6BB9E6389 /* Pods.xcconfig */;
			buildSettings = {
				ASSETCATALOG_COMPILER_APPICON_NAME = AppIcon;
				ASSETCATALOG_COMPILER_LAUNCHIMAGE_NAME = LaunchImage;
				GCC_PRECOMPILE_PREFIX_HEADER = YES;
				GCC_PREFIX_HEADER = "WYHabit/WYHabit-Prefix.pch";
				INFOPLIST_FILE = "WYHabit/WYHabit-Info.plist";
				PRODUCT_NAME = "$(TARGET_NAME)";
				WRAPPER_EXTENSION = app;
			};
			name = Debug;
		};
		C1D091861894B48300FDBB72 /* Release */ = {
			isa = XCBuildConfiguration;
			baseConfigurationReference = 95F914AD4C6B4CA6BB9E6389 /* Pods.xcconfig */;
			buildSettings = {
				ASSETCATALOG_COMPILER_APPICON_NAME = AppIcon;
				ASSETCATALOG_COMPILER_LAUNCHIMAGE_NAME = LaunchImage;
				GCC_PRECOMPILE_PREFIX_HEADER = YES;
				GCC_PREFIX_HEADER = "WYHabit/WYHabit-Prefix.pch";
				INFOPLIST_FILE = "WYHabit/WYHabit-Info.plist";
				PRODUCT_NAME = "$(TARGET_NAME)";
				WRAPPER_EXTENSION = app;
			};
			name = Release;
		};
		C1D091881894B48300FDBB72 /* Debug */ = {
			isa = XCBuildConfiguration;
			buildSettings = {
				ARCHS = "$(ARCHS_STANDARD_INCLUDING_64_BIT)";
				BUNDLE_LOADER = "$(BUILT_PRODUCTS_DIR)/WYHabit.app/WYHabit";
				FRAMEWORK_SEARCH_PATHS = (
					"$(SDKROOT)/Developer/Library/Frameworks",
					"$(inherited)",
					"$(DEVELOPER_FRAMEWORKS_DIR)",
				);
				GCC_PRECOMPILE_PREFIX_HEADER = YES;
				GCC_PREFIX_HEADER = "WYHabit/WYHabit-Prefix.pch";
				GCC_PREPROCESSOR_DEFINITIONS = (
					"DEBUG=1",
					"$(inherited)",
				);
				INFOPLIST_FILE = "WYHabitTests/WYHabitTests-Info.plist";
				PRODUCT_NAME = "$(TARGET_NAME)";
				TEST_HOST = "$(BUNDLE_LOADER)";
				WRAPPER_EXTENSION = xctest;
			};
			name = Debug;
		};
		C1D091891894B48300FDBB72 /* Release */ = {
			isa = XCBuildConfiguration;
			buildSettings = {
				ARCHS = "$(ARCHS_STANDARD_INCLUDING_64_BIT)";
				BUNDLE_LOADER = "$(BUILT_PRODUCTS_DIR)/WYHabit.app/WYHabit";
				FRAMEWORK_SEARCH_PATHS = (
					"$(SDKROOT)/Developer/Library/Frameworks",
					"$(inherited)",
					"$(DEVELOPER_FRAMEWORKS_DIR)",
				);
				GCC_PRECOMPILE_PREFIX_HEADER = YES;
				GCC_PREFIX_HEADER = "WYHabit/WYHabit-Prefix.pch";
				INFOPLIST_FILE = "WYHabitTests/WYHabitTests-Info.plist";
				PRODUCT_NAME = "$(TARGET_NAME)";
				TEST_HOST = "$(BUNDLE_LOADER)";
				WRAPPER_EXTENSION = xctest;
			};
			name = Release;
		};
/* End XCBuildConfiguration section */

/* Begin XCConfigurationList section */
		C1D091531894B48300FDBB72 /* Build configuration list for PBXProject "WYHabit" */ = {
			isa = XCConfigurationList;
			buildConfigurations = (
				C1D091821894B48300FDBB72 /* Debug */,
				C1D091831894B48300FDBB72 /* Release */,
			);
			defaultConfigurationIsVisible = 0;
			defaultConfigurationName = Release;
		};
		C1D091841894B48300FDBB72 /* Build configuration list for PBXNativeTarget "WYHabit" */ = {
			isa = XCConfigurationList;
			buildConfigurations = (
				C1D091851894B48300FDBB72 /* Debug */,
				C1D091861894B48300FDBB72 /* Release */,
			);
			defaultConfigurationIsVisible = 0;
			defaultConfigurationName = Release;
		};
		C1D091871894B48300FDBB72 /* Build configuration list for PBXNativeTarget "WYHabitTests" */ = {
			isa = XCConfigurationList;
			buildConfigurations = (
				C1D091881894B48300FDBB72 /* Debug */,
				C1D091891894B48300FDBB72 /* Release */,
			);
			defaultConfigurationIsVisible = 0;
			defaultConfigurationName = Release;
		};
/* End XCConfigurationList section */
	};
	rootObject = C1D091501894B48300FDBB72 /* Project object */;
}
